PODS:
  - Alamofire (4.4.0)
  - AlamofireImage (3.2.0):
    - Alamofire (~> 4.1)
  - Bolts (1.8.4):
    - Bolts/AppLinks (= 1.8.4)
    - Bolts/Tasks (= 1.8.4)
  - Bolts/AppLinks (1.8.4):
    - Bolts/Tasks
  - Bolts/Tasks (1.8.4)
  - CDAlertView (0.6.0)
  - FacebookCore (0.2.0):
    - Bolts (~> 1.8)
    - FBSDKCoreKit (~> 4.15)
  - FacebookLogin (0.2.0):
    - Bolts (~> 1.8)
    - FacebookCore (~> 0.2)
    - FBSDKCoreKit (~> 4.15)
    - FBSDKLoginKit (~> 4.15)
  - FacebookShare (0.2.0):
    - Bolts (~> 1.8)
    - FacebookCore (~> 0.2)
    - FBSDKCoreKit (~> 4.15)
    - FBSDKShareKit (~> 4.15)
  - FBSDKCoreKit (4.20.0):
    - Bolts (~> 1.7)
  - FBSDKLoginKit (4.20.0):
    - FBSDKCoreKit
  - FBSDKShareKit (4.20.0):
    - FBSDKCoreKit
  - ImageOpenTransition (0.1.7)
  - IQKeyboardManagerSwift (4.0.8)
  - Kanna (2.1.1)
  - MapleBacon (3.0.2)
  - SwiftSpinner (1.1.0)
  - SwiftyJSON (3.1.4)
  - TextFieldEffects (1.3.1)
  - UIColor_Hex_Swift (3.0.2)

DEPENDENCIES:
  - Alamofire (~> 4.0)
  - AlamofireImage (~> 3.1)
  - CDAlertView (from `https://github.com/candostdagdeviren/CDAlertView`)
  - FacebookCore
  - FacebookLogin
  - FacebookShare
  - ImageOpenTransition
  - IQKeyboardManagerSwift
  - Kanna (~> 2.1.0)
  - MapleBacon
  - SwiftSpinner
  - SwiftyJSON
  - TextFieldEffects (from `https://github.com/raulriera/TextFieldEffects`)
  - UIColor_Hex_Swift (~> 3.0.2)

EXTERNAL SOURCES:
  CDAlertView:
    :git: https://github.com/candostdagdeviren/CDAlertView
  TextFieldEffects:
    :git: https://github.com/raulriera/TextFieldEffects

CHECKOUT OPTIONS:
  CDAlertView:
    :commit: 0120907e9c27926ff20f114db0c091c7b6acc46d
    :git: https://github.com/candostdagdeviren/CDAlertView
  TextFieldEffects:
    :commit: 8ca40dd5e3c3e092e36f3f98ea24c87fcd520ccc
    :git: https://github.com/raulriera/TextFieldEffects

SPEC CHECKSUMS:
  Alamofire: dc44b1600b800eb63da6a19039a0083d62a6a62d
  AlamofireImage: 157ed682cc81d3b9db4fb90c1f12180ac552d93b
  Bolts: 8a7995239dbe724f9cba2248b766d48b7ebdd322
  CDAlertView: 83444b68d67758c8aae0f9370ec62937b95bee85
  FacebookCore: 2cb3f0fbff218e9d3119cec84bae983b232412de
  FacebookLogin: c9d606504735780a9e3002465a615512e0a691a5
  FacebookShare: 8e9ee8ea06505e6a1d3d719b0cc63e840fb8aaeb
  FBSDKCoreKit: 2d16979b28fe28c2b95af0d275ad5f9703c6c8de
  FBSDKLoginKit: a9d9391506c687e2304a590bf9312837fce7f375
  FBSDKShareKit: 1b91af62a603d67f392bc7fde63bc4a0705dde31
  ImageOpenTransition: 6a199dddd869cbfe12a853f52802e14d7f874c50
  IQKeyboardManagerSwift: c04bc9f68473823f825eb44d958fce98d921bead
  Kanna: 9b4b086c218703f2b94f5b21a466217dd2f9332e
  MapleBacon: 75ffc4d40c63b6e643bb66c2eca62b09de01a1cc
  SwiftSpinner: c03815614599b91eea46594bd52ba742849d0414
  SwiftyJSON: c2842d878f95482ffceec5709abc3d05680c0220
  TextFieldEffects: b54766be8101d839c0bdbc8ec2258a58de151d51
  UIColor_Hex_Swift: 95f718452092a3efc8a827dffd2c04d3237be02d

PODFILE CHECKSUM: 1f184b0c5ae0da77bc7cb2a037dd4765c31654f4

COCOAPODS: 1.2.0
