// !$*UTF8*$!
{
	archiveVersion = 1;
	classes = {
	};
	objectVersion = 46;
	objects = {

/* Begin PBXBuildFile section */
		8B8486871EBC690200B22B90 /* DetailAlbum.swift in Sources */ = {isa = PBXBuildFile; fileRef = 8B84866F1EBC690200B22B90 /* DetailAlbum.swift */; };
		8B8486881EBC690200B22B90 /* City.swift in Sources */ = {isa = PBXBuildFile; fileRef = 8B8486701EBC690200B22B90 /* City.swift */; };
		8B8486891EBC690200B22B90 /* CityGuideViewController.swift in Sources */ = {isa = PBXBuildFile; fileRef = 8B8486711EBC690200B22B90 /* CityGuideViewController.swift */; };
		8B84868A1EBC690200B22B90 /* CityGuideCell.swift in Sources */ = {isa = PBXBuildFile; fileRef = 8B8486721EBC690200B22B90 /* CityGuideCell.swift */; };
		8B84868B1EBC690200B22B90 /* TopSongArtistController.swift in Sources */ = {isa = PBXBuildFile; fileRef = 8B8486731EBC690200B22B90 /* TopSongArtistController.swift */; };
		8B84868C1EBC690200B22B90 /* ArtistController.swift in Sources */ = {isa = PBXBuildFile; fileRef = 8B8486741EBC690200B22B90 /* ArtistController.swift */; };
		8B84868D1EBC690200B22B90 /* SearchArtistController.swift in Sources */ = {isa = PBXBuildFile; fileRef = 8B8486751EBC690200B22B90 /* SearchArtistController.swift */; };
		8B84868E1EBC690200B22B90 /* SearchMusicController.swift in Sources */ = {isa = PBXBuildFile; fileRef = 8B8486761EBC690200B22B90 /* SearchMusicController.swift */; };
		8B84868F1EBC690200B22B90 /* UploadPicture.swift in Sources */ = {isa = PBXBuildFile; fileRef = 8B8486771EBC690200B22B90 /* UploadPicture.swift */; };
		8B8486901EBC690200B22B90 /* TopMusicController.swift in Sources */ = {isa = PBXBuildFile; fileRef = 8B8486781EBC690200B22B90 /* TopMusicController.swift */; };
		8B8486911EBC690200B22B90 /* SongDetailsController.swift in Sources */ = {isa = PBXBuildFile; fileRef = 8B8486791EBC690200B22B90 /* SongDetailsController.swift */; };
		8B8486921EBC690200B22B90 /* SongController.swift in Sources */ = {isa = PBXBuildFile; fileRef = 8B84867A1EBC690200B22B90 /* SongController.swift */; };
		8B8486931EBC690200B22B90 /* PreviewPlayer.swift in Sources */ = {isa = PBXBuildFile; fileRef = 8B84867B1EBC690200B22B90 /* PreviewPlayer.swift */; };
		8B8486941EBC690200B22B90 /* SelectCountryController.swift in Sources */ = {isa = PBXBuildFile; fileRef = 8B84867C1EBC690200B22B90 /* SelectCountryController.swift */; };
		8B8486951EBC690200B22B90 /* RecognitionController.swift in Sources */ = {isa = PBXBuildFile; fileRef = 8B84867D1EBC690200B22B90 /* RecognitionController.swift */; };
		8B8486961EBC690200B22B90 /* SongCell.swift in Sources */ = {isa = PBXBuildFile; fileRef = 8B84867E1EBC690200B22B90 /* SongCell.swift */; };
		8B8486971EBC690200B22B90 /* LyriXPlus.xcdatamodel in Sources */ = {isa = PBXBuildFile; fileRef = 8B84867F1EBC690200B22B90 /* LyriXPlus.xcdatamodel */; };
		8B8486981EBC690200B22B90 /* DropMenuButton.swift in Sources */ = {isa = PBXBuildFile; fileRef = 8B8486801EBC690200B22B90 /* DropMenuButton.swift */; };
		8B8486991EBC690200B22B90 /* DropDownTitleView.swift in Sources */ = {isa = PBXBuildFile; fileRef = 8B8486811EBC690200B22B90 /* DropDownTitleView.swift */; };
		8B84869A1EBC690200B22B90 /* DropDownMenu.swift in Sources */ = {isa = PBXBuildFile; fileRef = 8B8486821EBC690200B22B90 /* DropDownMenu.swift */; };
		8B84869B1EBC690200B22B90 /* DropDownMenuCell.swift in Sources */ = {isa = PBXBuildFile; fileRef = 8B8486831EBC690200B22B90 /* DropDownMenuCell.swift */; };
		8B84869C1EBC690200B22B90 /* bgg.gif in Resources */ = {isa = PBXBuildFile; fileRef = 8B8486851EBC690200B22B90 /* bgg.gif */; };
		8B84869D1EBC690200B22B90 /* gifFramework.swift in Sources */ = {isa = PBXBuildFile; fileRef = 8B8486861EBC690200B22B90 /* gifFramework.swift */; };
		A49C6A3D92BA543F8B7A8AEF /* Pods_Lyrix_Plus.framework in Frameworks */ = {isa = PBXBuildFile; fileRef = D1AB1CC1366EE0487548A400 /* Pods_Lyrix_Plus.framework */; };
		E20406A31EA6B36400206195 /* MyTabBarViewController.swift in Sources */ = {isa = PBXBuildFile; fileRef = E20406A21EA6B36400206195 /* MyTabBarViewController.swift */; };
		E218CB761EB0E35B00B230DE /* UpdateImageViewController.swift in Sources */ = {isa = PBXBuildFile; fileRef = E218CB751EB0E35B00B230DE /* UpdateImageViewController.swift */; };
		E240AE311E770DF40077BD9F /* CommentsViewController.swift in Sources */ = {isa = PBXBuildFile; fileRef = E240AE301E770DF40077BD9F /* CommentsViewController.swift */; };
		E246CA1D1EA817F800F66898 /* customButton.swift in Sources */ = {isa = PBXBuildFile; fileRef = E246CA1C1EA817F800F66898 /* customButton.swift */; };
		E25207B81E9DB64200D3819A /* Reachability.swift in Sources */ = {isa = PBXBuildFile; fileRef = E25207B71E9DB64200D3819A /* Reachability.swift */; };
		E25563F91E8815C100222E15 /* HeroAnimatorViewContext.swift in Sources */ = {isa = PBXBuildFile; fileRef = E25563D01E8815C100222E15 /* HeroAnimatorViewContext.swift */; };
		E25563FA1E8815C100222E15 /* HeroCoreAnimationViewContext.swift in Sources */ = {isa = PBXBuildFile; fileRef = E25563D11E8815C100222E15 /* HeroCoreAnimationViewContext.swift */; };
		E25563FB1E8815C100222E15 /* HeroDefaultAnimator.swift in Sources */ = {isa = PBXBuildFile; fileRef = E25563D21E8815C100222E15 /* HeroDefaultAnimator.swift */; };
		E25563FC1E8815C100222E15 /* HeroViewPropertyViewContext.swift in Sources */ = {isa = PBXBuildFile; fileRef = E25563D31E8815C100222E15 /* HeroViewPropertyViewContext.swift */; };
		E25563FD1E8815C100222E15 /* HeroDebugPlugin.swift in Sources */ = {isa = PBXBuildFile; fileRef = E25563D51E8815C100222E15 /* HeroDebugPlugin.swift */; };
		E25563FE1E8815C100222E15 /* HeroDebugView.swift in Sources */ = {isa = PBXBuildFile; fileRef = E25563D61E8815C100222E15 /* HeroDebugView.swift */; };
		E25563FF1E8815C100222E15 /* DefaultAnimationPreprocessor.swift in Sources */ = {isa = PBXBuildFile; fileRef = E25563D71E8815C100222E15 /* DefaultAnimationPreprocessor.swift */; };
		E25564001E8815C100222E15 /* Array+HeroModifier.swift in Sources */ = {isa = PBXBuildFile; fileRef = E25563D91E8815C100222E15 /* Array+HeroModifier.swift */; };
		E25564011E8815C100222E15 /* CALayer+Hero.swift in Sources */ = {isa = PBXBuildFile; fileRef = E25563DA1E8815C100222E15 /* CALayer+Hero.swift */; };
		E25564021E8815C100222E15 /* CAMediaTimingFunction+Hero.swift in Sources */ = {isa = PBXBuildFile; fileRef = E25563DB1E8815C100222E15 /* CAMediaTimingFunction+Hero.swift */; };
		E25564031E8815C100222E15 /* CG+Hero.swift in Sources */ = {isa = PBXBuildFile; fileRef = E25563DC1E8815C100222E15 /* CG+Hero.swift */; };
		E25564041E8815C100222E15 /* DispatchQueue+Hero.swift in Sources */ = {isa = PBXBuildFile; fileRef = E25563DD1E8815C100222E15 /* DispatchQueue+Hero.swift */; };
		E25564051E8815C100222E15 /* UIKit+Hero.swift in Sources */ = {isa = PBXBuildFile; fileRef = E25563DE1E8815C100222E15 /* UIKit+Hero.swift */; };
		E25564061E8815C100222E15 /* UIView+Hero.swift in Sources */ = {isa = PBXBuildFile; fileRef = E25563DF1E8815C100222E15 /* UIView+Hero.swift */; };
		E25564071E8815C100222E15 /* UIViewController+Hero.swift in Sources */ = {isa = PBXBuildFile; fileRef = E25563E01E8815C100222E15 /* UIViewController+Hero.swift */; };
		E25564081E8815C100222E15 /* Hero.swift in Sources */ = {isa = PBXBuildFile; fileRef = E25563E21E8815C100222E15 /* Hero.swift */; };
		E25564091E8815C100222E15 /* HeroBaseController.swift in Sources */ = {isa = PBXBuildFile; fileRef = E25563E31E8815C100222E15 /* HeroBaseController.swift */; };
		E255640A1E8815C100222E15 /* HeroContext.swift in Sources */ = {isa = PBXBuildFile; fileRef = E25563E41E8815C100222E15 /* HeroContext.swift */; };
		E255640B1E8815C100222E15 /* HeroIndependentController.swift in Sources */ = {isa = PBXBuildFile; fileRef = E25563E51E8815C100222E15 /* HeroIndependentController.swift */; };
		E255640C1E8815C100222E15 /* HeroModifier+HeroStringConvertible.swift in Sources */ = {isa = PBXBuildFile; fileRef = E25563E61E8815C100222E15 /* HeroModifier+HeroStringConvertible.swift */; };
		E255640D1E8815C100222E15 /* HeroModifier.swift in Sources */ = {isa = PBXBuildFile; fileRef = E25563E71E8815C100222E15 /* HeroModifier.swift */; };
		E255640E1E8815C100222E15 /* HeroPlugin.swift in Sources */ = {isa = PBXBuildFile; fileRef = E25563E81E8815C100222E15 /* HeroPlugin.swift */; };
		E255640F1E8815C100222E15 /* HeroStringConvertible.swift in Sources */ = {isa = PBXBuildFile; fileRef = E25563E91E8815C100222E15 /* HeroStringConvertible.swift */; };
		E25564101E8815C100222E15 /* HeroTargetState.swift in Sources */ = {isa = PBXBuildFile; fileRef = E25563EA1E8815C100222E15 /* HeroTargetState.swift */; };
		E25564111E8815C100222E15 /* HeroTypes.swift in Sources */ = {isa = PBXBuildFile; fileRef = E25563EB1E8815C100222E15 /* HeroTypes.swift */; };
		E25564121E8815C100222E15 /* Info.plist in Resources */ = {isa = PBXBuildFile; fileRef = E25563EC1E8815C100222E15 /* Info.plist */; };
		E25564131E8815C100222E15 /* Lexer.swift in Sources */ = {isa = PBXBuildFile; fileRef = E25563EE1E8815C100222E15 /* Lexer.swift */; };
		E25564141E8815C100222E15 /* Nodes.swift in Sources */ = {isa = PBXBuildFile; fileRef = E25563EF1E8815C100222E15 /* Nodes.swift */; };
		E25564151E8815C100222E15 /* Parser.swift in Sources */ = {isa = PBXBuildFile; fileRef = E25563F01E8815C100222E15 /* Parser.swift */; };
		E25564161E8815C100222E15 /* Regex.swift in Sources */ = {isa = PBXBuildFile; fileRef = E25563F11E8815C100222E15 /* Regex.swift */; };
		E25564171E8815C100222E15 /* BasePreprocessor.swift in Sources */ = {isa = PBXBuildFile; fileRef = E25563F31E8815C100222E15 /* BasePreprocessor.swift */; };
		E25564181E8815C100222E15 /* CascadePreprocessor.swift in Sources */ = {isa = PBXBuildFile; fileRef = E25563F41E8815C100222E15 /* CascadePreprocessor.swift */; };
		E25564191E8815C100222E15 /* DurationPreprocessor.swift in Sources */ = {isa = PBXBuildFile; fileRef = E25563F51E8815C100222E15 /* DurationPreprocessor.swift */; };
		E255641A1E8815C100222E15 /* IgnoreSubviewModifiersPreprocessor.swift in Sources */ = {isa = PBXBuildFile; fileRef = E25563F61E8815C100222E15 /* IgnoreSubviewModifiersPreprocessor.swift */; };
		E255641B1E8815C100222E15 /* MatchPreprocessor.swift in Sources */ = {isa = PBXBuildFile; fileRef = E25563F71E8815C100222E15 /* MatchPreprocessor.swift */; };
		E255641C1E8815C100222E15 /* SourcePreprocessor.swift in Sources */ = {isa = PBXBuildFile; fileRef = E25563F81E8815C100222E15 /* SourcePreprocessor.swift */; };
		E25564201E881ACB00222E15 /* MusicViewController.swift in Sources */ = {isa = PBXBuildFile; fileRef = E255641F1E881ACB00222E15 /* MusicViewController.swift */; };
		E25564221E881B1500222E15 /* MusicPlayerViewController.swift in Sources */ = {isa = PBXBuildFile; fileRef = E25564211E881B1500222E15 /* MusicPlayerViewController.swift */; };
		E269C6A01E8920970056A4DD /* AddRecordViewController.swift in Sources */ = {isa = PBXBuildFile; fileRef = E269C69F1E8920970056A4DD /* AddRecordViewController.swift */; };
		E269C6A41E8920B90056A4DD /* RecorderViewController.swift in Sources */ = {isa = PBXBuildFile; fileRef = E269C6A11E8920B90056A4DD /* RecorderViewController.swift */; };
		E269C6A51E8920B90056A4DD /* Recording.swift in Sources */ = {isa = PBXBuildFile; fileRef = E269C6A21E8920B90056A4DD /* Recording.swift */; };
		E269C6A61E8920B90056A4DD /* VoiceRecordHUD.swift in Sources */ = {isa = PBXBuildFile; fileRef = E269C6A31E8920B90056A4DD /* VoiceRecordHUD.swift */; };
		E271404A1E704CD7009ED610 /* HomeViewController.swift in Sources */ = {isa = PBXBuildFile; fileRef = E27140491E704CD7009ED610 /* HomeViewController.swift */; };
		E2727D3F1E43D80800521B23 /* AppDelegate.swift in Sources */ = {isa = PBXBuildFile; fileRef = E2727D3E1E43D80800521B23 /* AppDelegate.swift */; };
		E2727D411E43D80800521B23 /* ViewController.swift in Sources */ = {isa = PBXBuildFile; fileRef = E2727D401E43D80800521B23 /* ViewController.swift */; };
		E2727D441E43D80800521B23 /* Main.storyboard in Resources */ = {isa = PBXBuildFile; fileRef = E2727D421E43D80800521B23 /* Main.storyboard */; };
		E2727D461E43D80800521B23 /* Assets.xcassets in Resources */ = {isa = PBXBuildFile; fileRef = E2727D451E43D80800521B23 /* Assets.xcassets */; };
		E2727D491E43D80800521B23 /* LaunchScreen.storyboard in Resources */ = {isa = PBXBuildFile; fileRef = E2727D471E43D80800521B23 /* LaunchScreen.storyboard */; };
		E2727D531E43E6C400521B23 /* ProfilViewController.swift in Sources */ = {isa = PBXBuildFile; fileRef = E2727D521E43E6C400521B23 /* ProfilViewController.swift */; };
		E294F82E1EA5522C004C1B81 /* NotificationCenter.framework in Frameworks */ = {isa = PBXBuildFile; fileRef = E294F82D1EA5522C004C1B81 /* NotificationCenter.framework */; };
		E294F8311EA5522C004C1B81 /* TodayViewController.swift in Sources */ = {isa = PBXBuildFile; fileRef = E294F8301EA5522C004C1B81 /* TodayViewController.swift */; };
		E294F8341EA5522C004C1B81 /* MainInterface.storyboard in Resources */ = {isa = PBXBuildFile; fileRef = E294F8321EA5522C004C1B81 /* MainInterface.storyboard */; };
		E294F8381EA5522C004C1B81 /* Lyrix_Plus.appex in Embed App Extensions */ = {isa = PBXBuildFile; fileRef = E294F82C1EA5522C004C1B81 /* Lyrix_Plus.appex */; settings = {ATTRIBUTES = (RemoveHeadersOnCopy, ); }; };
		E294F83E1EA5712B004C1B81 /* Assets.xcassets in Resources */ = {isa = PBXBuildFile; fileRef = E2727D451E43D80800521B23 /* Assets.xcassets */; };
		E2C042B41E7570FF00A67A16 /* DetailsViewController.swift in Sources */ = {isa = PBXBuildFile; fileRef = E2C042B31E7570FF00A67A16 /* DetailsViewController.swift */; };
		E2C6D2E91E6F61DC0060031D /* SharesViewController.swift in Sources */ = {isa = PBXBuildFile; fileRef = E2C6D2E81E6F61DC0060031D /* SharesViewController.swift */; };
		E2D1B5121EC0E8AB00E279B5 /* AboutUsViewController.swift in Sources */ = {isa = PBXBuildFile; fileRef = E2D1B5111EC0E8AB00E279B5 /* AboutUsViewController.swift */; };
		E2EA37101E55BE70000E277E /* Records.swift in Sources */ = {isa = PBXBuildFile; fileRef = E2EA370F1E55BE70000E277E /* Records.swift */; };
		E2EA37131E55C1D3000E277E /* SharedPreferences.swift in Sources */ = {isa = PBXBuildFile; fileRef = E2EA37121E55C1D3000E277E /* SharedPreferences.swift */; };
		E2EA37151E55CB94000E277E /* SignUpController.swift in Sources */ = {isa = PBXBuildFile; fileRef = E2EA37141E55CB94000E277E /* SignUpController.swift */; };
		E2EA37591E55D5AB000E277E /* SPAnimation.swift in Sources */ = {isa = PBXBuildFile; fileRef = E2EA371C1E55D5AB000E277E /* SPAnimation.swift */; };
		E2EA375A1E55D5AB000E277E /* SPAnimationSpring.swift in Sources */ = {isa = PBXBuildFile; fileRef = E2EA371D1E55D5AB000E277E /* SPAnimationSpring.swift */; };
		E2EA375B1E55D5AB000E277E /* SPAnimationUpward.swift in Sources */ = {isa = PBXBuildFile; fileRef = E2EA371E1E55D5AB000E277E /* SPAnimationUpward.swift */; };
		E2EA375C1E55D5AB000E277E /* SPAudioPlayer.swift in Sources */ = {isa = PBXBuildFile; fileRef = E2EA37201E55D5AB000E277E /* SPAudioPlayer.swift */; };
		E2EA375D1E55D5AB000E277E /* SPUIColorExtenshion.swift in Sources */ = {isa = PBXBuildFile; fileRef = E2EA37221E55D5AB000E277E /* SPUIColorExtenshion.swift */; };
		E2EA375E1E55D5AB000E277E /* SPConstraintsAssistent.swift in Sources */ = {isa = PBXBuildFile; fileRef = E2EA37241E55D5AB000E277E /* SPConstraintsAssistent.swift */; };
		E2EA375F1E55D5AB000E277E /* SPDelay.swift in Sources */ = {isa = PBXBuildFile; fileRef = E2EA37261E55D5AB000E277E /* SPDelay.swift */; };
		E2EA37601E55D5AB000E277E /* SPUIDeviceExtenshion.swift in Sources */ = {isa = PBXBuildFile; fileRef = E2EA37281E55D5AB000E277E /* SPUIDeviceExtenshion.swift */; };
		E2EA37611E55D5AB000E277E /* SPBezierPathFigure.swift in Sources */ = {isa = PBXBuildFile; fileRef = E2EA372B1E55D5AB000E277E /* SPBezierPathFigure.swift */; };
		E2EA37621E55D5AB000E277E /* SPUIImageExtenshion.swift in Sources */ = {isa = PBXBuildFile; fileRef = E2EA372D1E55D5AB000E277E /* SPUIImageExtenshion.swift */; };
		E2EA37631E55D5AB000E277E /* SPInternetConnection.swift in Sources */ = {isa = PBXBuildFile; fileRef = E2EA372F1E55D5AB000E277E /* SPInternetConnection.swift */; };
		E2EA37641E55D5AB000E277E /* SPLaunchAnimationTwitterExtenshion.swift in Sources */ = {isa = PBXBuildFile; fileRef = E2EA37331E55D5AB000E277E /* SPLaunchAnimationTwitterExtenshion.swift */; };
		E2EA37651E55D5AB000E277E /* SPLaunchAnimationSlideExtenshion.swift in Sources */ = {isa = PBXBuildFile; fileRef = E2EA37351E55D5AB000E277E /* SPLaunchAnimationSlideExtenshion.swift */; };
		E2EA37661E55D5AB000E277E /* SPLaunchAnimation.swift in Sources */ = {isa = PBXBuildFile; fileRef = E2EA37361E55D5AB000E277E /* SPLaunchAnimation.swift */; };
		E2EA37671E55D5AB000E277E /* SPRandom.swift in Sources */ = {isa = PBXBuildFile; fileRef = E2EA37381E55D5AB000E277E /* SPRandom.swift */; };
		E2EA37681E55D5AB000E277E /* SPExtenshionViewController.swift in Sources */ = {isa = PBXBuildFile; fileRef = E2EA373B1E55D5AB000E277E /* SPExtenshionViewController.swift */; };
		E2EA37691E55D5AB000E277E /* SPGradientViewController.swift in Sources */ = {isa = PBXBuildFile; fileRef = E2EA373C1E55D5AB000E277E /* SPGradientViewController.swift */; };
		E2EA376A1E55D5AB000E277E /* SPPageItemsScallingViewController.swift in Sources */ = {isa = PBXBuildFile; fileRef = E2EA373D1E55D5AB000E277E /* SPPageItemsScallingViewController.swift */; };
		E2EA376B1E55D5AB000E277E /* SPParalaxTableViewController.swift in Sources */ = {isa = PBXBuildFile; fileRef = E2EA373E1E55D5AB000E277E /* SPParalaxTableViewController.swift */; };
		E2EA376C1E55D5AB000E277E /* SPIconsButton.swift in Sources */ = {isa = PBXBuildFile; fileRef = E2EA37411E55D5AB000E277E /* SPIconsButton.swift */; };
		E2EA376D1E55D5AB000E277E /* SPLinesCircleButtonsView.swift in Sources */ = {isa = PBXBuildFile; fileRef = E2EA37421E55D5AB000E277E /* SPLinesCircleButtonsView.swift */; };
		E2EA376E1E55D5AB000E277E /* SPRoundButton.swift in Sources */ = {isa = PBXBuildFile; fileRef = E2EA37431E55D5AB000E277E /* SPRoundButton.swift */; };
		E2EA376F1E55D5AB000E277E /* SPSegmentControllCell.swift in Sources */ = {isa = PBXBuildFile; fileRef = E2EA37451E55D5AB000E277E /* SPSegmentControllCell.swift */; };
		E2EA37701E55D5AB000E277E /* SPSegmentControlProtocol.swift in Sources */ = {isa = PBXBuildFile; fileRef = E2EA37461E55D5AB000E277E /* SPSegmentControlProtocol.swift */; };
		E2EA37711E55D5AB000E277E /* SPSegmentControlStyleProtocol.swift in Sources */ = {isa = PBXBuildFile; fileRef = E2EA37471E55D5AB000E277E /* SPSegmentControlStyleProtocol.swift */; };
		E2EA37721E55D5AB000E277E /* SPSegmentedControl.swift in Sources */ = {isa = PBXBuildFile; fileRef = E2EA37481E55D5AB000E277E /* SPSegmentedControl.swift */; };
		E2EA37731E55D5AB000E277E /* SPCollectionViewCell.swift in Sources */ = {isa = PBXBuildFile; fileRef = E2EA374C1E55D5AB000E277E /* SPCollectionViewCell.swift */; };
		E2EA37741E55D5AB000E277E /* SPPageItemsScalingCollectionView.swift in Sources */ = {isa = PBXBuildFile; fileRef = E2EA374E1E55D5AB000E277E /* SPPageItemsScalingCollectionView.swift */; };
		E2EA37751E55D5AB000E277E /* SPPageItemsScalingCollectionLayout.swift in Sources */ = {isa = PBXBuildFile; fileRef = E2EA37501E55D5AB000E277E /* SPPageItemsScalingCollectionLayout.swift */; };
		E2EA37761E55D5AB000E277E /* SPParallaxTableViewCell.swift in Sources */ = {isa = PBXBuildFile; fileRef = E2EA37531E55D5AB000E277E /* SPParallaxTableViewCell.swift */; };
		E2EA37771E55D5AB000E277E /* SPBlurView.swift in Sources */ = {isa = PBXBuildFile; fileRef = E2EA37551E55D5AB000E277E /* SPBlurView.swift */; };
		E2EA37781E55D5AB000E277E /* SPGradientView.swift in Sources */ = {isa = PBXBuildFile; fileRef = E2EA37561E55D5AB000E277E /* SPGradientView.swift */; };
		E2EA37791E55D5AB000E277E /* SPUILabelExtenshion.swift in Sources */ = {isa = PBXBuildFile; fileRef = E2EA37571E55D5AB000E277E /* SPUILabelExtenshion.swift */; };
		E2EA377A1E55D5AB000E277E /* SPUIViewExtenshion.swift in Sources */ = {isa = PBXBuildFile; fileRef = E2EA37581E55D5AB000E277E /* SPUIViewExtenshion.swift */; };
/* End PBXBuildFile section */

/* Begin PBXContainerItemProxy section */
		E294F8361EA5522C004C1B81 /* PBXContainerItemProxy */ = {
			isa = PBXContainerItemProxy;
			containerPortal = E2727D331E43D80800521B23 /* Project object */;
			proxyType = 1;
			remoteGlobalIDString = E294F82B1EA5522C004C1B81;
			remoteInfo = Lyrix_Plus;
		};
/* End PBXContainerItemProxy section */

/* Begin PBXCopyFilesBuildPhase section */
		E294F83C1EA5522C004C1B81 /* Embed App Extensions */ = {
			isa = PBXCopyFilesBuildPhase;
			buildActionMask = 2147483647;
			dstPath = "";
			dstSubfolderSpec = 13;
			files = (
				E294F8381EA5522C004C1B81 /* Lyrix_Plus.appex in Embed App Extensions */,
			);
			name = "Embed App Extensions";
			runOnlyForDeploymentPostprocessing = 0;
		};
/* End PBXCopyFilesBuildPhase section */

/* Begin PBXFileReference section */
		0127063134E1941AB8827CBD /* Pods-Lyrix Plus.release.xcconfig */ = {isa = PBXFileReference; includeInIndex = 1; lastKnownFileType = text.xcconfig; name = "Pods-Lyrix Plus.release.xcconfig"; path = "Pods/Target Support Files/Pods-Lyrix Plus/Pods-Lyrix Plus.release.xcconfig"; sourceTree = "<group>"; };
		2DE5D0DB2E31C5F24D1ABE7A /* Pods-Lyrix Plus.debug.xcconfig */ = {isa = PBXFileReference; includeInIndex = 1; lastKnownFileType = text.xcconfig; name = "Pods-Lyrix Plus.debug.xcconfig"; path = "Pods/Target Support Files/Pods-Lyrix Plus/Pods-Lyrix Plus.debug.xcconfig"; sourceTree = "<group>"; };
		8B84866F1EBC690200B22B90 /* DetailAlbum.swift */ = {isa = PBXFileReference; fileEncoding = 4; lastKnownFileType = sourcecode.swift; path = DetailAlbum.swift; sourceTree = "<group>"; };
		8B8486701EBC690200B22B90 /* City.swift */ = {isa = PBXFileReference; fileEncoding = 4; lastKnownFileType = sourcecode.swift; path = City.swift; sourceTree = "<group>"; };
		8B8486711EBC690200B22B90 /* CityGuideViewController.swift */ = {isa = PBXFileReference; fileEncoding = 4; lastKnownFileType = sourcecode.swift; path = CityGuideViewController.swift; sourceTree = "<group>"; };
		8B8486721EBC690200B22B90 /* CityGuideCell.swift */ = {isa = PBXFileReference; fileEncoding = 4; lastKnownFileType = sourcecode.swift; path = CityGuideCell.swift; sourceTree = "<group>"; };
		8B8486731EBC690200B22B90 /* TopSongArtistController.swift */ = {isa = PBXFileReference; fileEncoding = 4; lastKnownFileType = sourcecode.swift; path = TopSongArtistController.swift; sourceTree = "<group>"; };
		8B8486741EBC690200B22B90 /* ArtistController.swift */ = {isa = PBXFileReference; fileEncoding = 4; lastKnownFileType = sourcecode.swift; path = ArtistController.swift; sourceTree = "<group>"; };
		8B8486751EBC690200B22B90 /* SearchArtistController.swift */ = {isa = PBXFileReference; fileEncoding = 4; lastKnownFileType = sourcecode.swift; path = SearchArtistController.swift; sourceTree = "<group>"; };
		8B8486761EBC690200B22B90 /* SearchMusicController.swift */ = {isa = PBXFileReference; fileEncoding = 4; lastKnownFileType = sourcecode.swift; path = SearchMusicController.swift; sourceTree = "<group>"; };
		8B8486771EBC690200B22B90 /* UploadPicture.swift */ = {isa = PBXFileReference; fileEncoding = 4; lastKnownFileType = sourcecode.swift; path = UploadPicture.swift; sourceTree = "<group>"; };
		8B8486781EBC690200B22B90 /* TopMusicController.swift */ = {isa = PBXFileReference; fileEncoding = 4; lastKnownFileType = sourcecode.swift; path = TopMusicController.swift; sourceTree = "<group>"; };
		8B8486791EBC690200B22B90 /* SongDetailsController.swift */ = {isa = PBXFileReference; fileEncoding = 4; lastKnownFileType = sourcecode.swift; path = SongDetailsController.swift; sourceTree = "<group>"; };
		8B84867A1EBC690200B22B90 /* SongController.swift */ = {isa = PBXFileReference; fileEncoding = 4; lastKnownFileType = sourcecode.swift; path = SongController.swift; sourceTree = "<group>"; };
		8B84867B1EBC690200B22B90 /* PreviewPlayer.swift */ = {isa = PBXFileReference; fileEncoding = 4; lastKnownFileType = sourcecode.swift; path = PreviewPlayer.swift; sourceTree = "<group>"; };
		8B84867C1EBC690200B22B90 /* SelectCountryController.swift */ = {isa = PBXFileReference; fileEncoding = 4; lastKnownFileType = sourcecode.swift; path = SelectCountryController.swift; sourceTree = "<group>"; };
		8B84867D1EBC690200B22B90 /* RecognitionController.swift */ = {isa = PBXFileReference; fileEncoding = 4; lastKnownFileType = sourcecode.swift; path = RecognitionController.swift; sourceTree = "<group>"; };
		8B84867E1EBC690200B22B90 /* SongCell.swift */ = {isa = PBXFileReference; fileEncoding = 4; lastKnownFileType = sourcecode.swift; path = SongCell.swift; sourceTree = "<group>"; };
		8B84867F1EBC690200B22B90 /* LyriXPlus.xcdatamodel */ = {isa = PBXFileReference; lastKnownFileType = wrapper.xcdatamodel; path = LyriXPlus.xcdatamodel; sourceTree = "<group>"; };
		8B8486801EBC690200B22B90 /* DropMenuButton.swift */ = {isa = PBXFileReference; fileEncoding = 4; lastKnownFileType = sourcecode.swift; path = DropMenuButton.swift; sourceTree = "<group>"; };
		8B8486811EBC690200B22B90 /* DropDownTitleView.swift */ = {isa = PBXFileReference; fileEncoding = 4; lastKnownFileType = sourcecode.swift; path = DropDownTitleView.swift; sourceTree = "<group>"; };
		8B8486821EBC690200B22B90 /* DropDownMenu.swift */ = {isa = PBXFileReference; fileEncoding = 4; lastKnownFileType = sourcecode.swift; path = DropDownMenu.swift; sourceTree = "<group>"; };
		8B8486831EBC690200B22B90 /* DropDownMenuCell.swift */ = {isa = PBXFileReference; fileEncoding = 4; lastKnownFileType = sourcecode.swift; path = DropDownMenuCell.swift; sourceTree = "<group>"; };
		8B8486841EBC690200B22B90 /* DropDownMenu.h */ = {isa = PBXFileReference; fileEncoding = 4; lastKnownFileType = sourcecode.c.h; path = DropDownMenu.h; sourceTree = "<group>"; };
		8B8486851EBC690200B22B90 /* bgg.gif */ = {isa = PBXFileReference; lastKnownFileType = image.gif; path = bgg.gif; sourceTree = "<group>"; };
		8B8486861EBC690200B22B90 /* gifFramework.swift */ = {isa = PBXFileReference; fileEncoding = 4; lastKnownFileType = sourcecode.swift; path = gifFramework.swift; sourceTree = "<group>"; };
		D1AB1CC1366EE0487548A400 /* Pods_Lyrix_Plus.framework */ = {isa = PBXFileReference; explicitFileType = wrapper.framework; includeInIndex = 0; path = Pods_Lyrix_Plus.framework; sourceTree = BUILT_PRODUCTS_DIR; };
		E2010AA21EA6E19900839037 /* IntentsUI.framework */ = {isa = PBXFileReference; lastKnownFileType = wrapper.framework; name = IntentsUI.framework; path = System/Library/Frameworks/IntentsUI.framework; sourceTree = SDKROOT; };
		E20406A21EA6B36400206195 /* MyTabBarViewController.swift */ = {isa = PBXFileReference; fileEncoding = 4; lastKnownFileType = sourcecode.swift; path = MyTabBarViewController.swift; sourceTree = "<group>"; };
		E218CB751EB0E35B00B230DE /* UpdateImageViewController.swift */ = {isa = PBXFileReference; fileEncoding = 4; lastKnownFileType = sourcecode.swift; path = UpdateImageViewController.swift; sourceTree = "<group>"; };
		E240AE301E770DF40077BD9F /* CommentsViewController.swift */ = {isa = PBXFileReference; fileEncoding = 4; lastKnownFileType = sourcecode.swift; path = CommentsViewController.swift; sourceTree = "<group>"; };
		E246CA1C1EA817F800F66898 /* customButton.swift */ = {isa = PBXFileReference; fileEncoding = 4; lastKnownFileType = sourcecode.swift; path = customButton.swift; sourceTree = "<group>"; };
		E25207B71E9DB64200D3819A /* Reachability.swift */ = {isa = PBXFileReference; fileEncoding = 4; lastKnownFileType = sourcecode.swift; path = Reachability.swift; sourceTree = "<group>"; };
		E25563D01E8815C100222E15 /* HeroAnimatorViewContext.swift */ = {isa = PBXFileReference; fileEncoding = 4; lastKnownFileType = sourcecode.swift; path = HeroAnimatorViewContext.swift; sourceTree = "<group>"; };
		E25563D11E8815C100222E15 /* HeroCoreAnimationViewContext.swift */ = {isa = PBXFileReference; fileEncoding = 4; lastKnownFileType = sourcecode.swift; path = HeroCoreAnimationViewContext.swift; sourceTree = "<group>"; };
		E25563D21E8815C100222E15 /* HeroDefaultAnimator.swift */ = {isa = PBXFileReference; fileEncoding = 4; lastKnownFileType = sourcecode.swift; path = HeroDefaultAnimator.swift; sourceTree = "<group>"; };
		E25563D31E8815C100222E15 /* HeroViewPropertyViewContext.swift */ = {isa = PBXFileReference; fileEncoding = 4; lastKnownFileType = sourcecode.swift; path = HeroViewPropertyViewContext.swift; sourceTree = "<group>"; };
		E25563D51E8815C100222E15 /* HeroDebugPlugin.swift */ = {isa = PBXFileReference; fileEncoding = 4; lastKnownFileType = sourcecode.swift; path = HeroDebugPlugin.swift; sourceTree = "<group>"; };
		E25563D61E8815C100222E15 /* HeroDebugView.swift */ = {isa = PBXFileReference; fileEncoding = 4; lastKnownFileType = sourcecode.swift; path = HeroDebugView.swift; sourceTree = "<group>"; };
		E25563D71E8815C100222E15 /* DefaultAnimationPreprocessor.swift */ = {isa = PBXFileReference; fileEncoding = 4; lastKnownFileType = sourcecode.swift; path = DefaultAnimationPreprocessor.swift; sourceTree = "<group>"; };
		E25563D91E8815C100222E15 /* Array+HeroModifier.swift */ = {isa = PBXFileReference; fileEncoding = 4; lastKnownFileType = sourcecode.swift; path = "Array+HeroModifier.swift"; sourceTree = "<group>"; };
		E25563DA1E8815C100222E15 /* CALayer+Hero.swift */ = {isa = PBXFileReference; fileEncoding = 4; lastKnownFileType = sourcecode.swift; path = "CALayer+Hero.swift"; sourceTree = "<group>"; };
		E25563DB1E8815C100222E15 /* CAMediaTimingFunction+Hero.swift */ = {isa = PBXFileReference; fileEncoding = 4; lastKnownFileType = sourcecode.swift; path = "CAMediaTimingFunction+Hero.swift"; sourceTree = "<group>"; };
		E25563DC1E8815C100222E15 /* CG+Hero.swift */ = {isa = PBXFileReference; fileEncoding = 4; lastKnownFileType = sourcecode.swift; path = "CG+Hero.swift"; sourceTree = "<group>"; };
		E25563DD1E8815C100222E15 /* DispatchQueue+Hero.swift */ = {isa = PBXFileReference; fileEncoding = 4; lastKnownFileType = sourcecode.swift; path = "DispatchQueue+Hero.swift"; sourceTree = "<group>"; };
		E25563DE1E8815C100222E15 /* UIKit+Hero.swift */ = {isa = PBXFileReference; fileEncoding = 4; lastKnownFileType = sourcecode.swift; path = "UIKit+Hero.swift"; sourceTree = "<group>"; };
		E25563DF1E8815C100222E15 /* UIView+Hero.swift */ = {isa = PBXFileReference; fileEncoding = 4; lastKnownFileType = sourcecode.swift; path = "UIView+Hero.swift"; sourceTree = "<group>"; };
		E25563E01E8815C100222E15 /* UIViewController+Hero.swift */ = {isa = PBXFileReference; fileEncoding = 4; lastKnownFileType = sourcecode.swift; path = "UIViewController+Hero.swift"; sourceTree = "<group>"; };
		E25563E11E8815C100222E15 /* Hero.h */ = {isa = PBXFileReference; fileEncoding = 4; lastKnownFileType = sourcecode.c.h; path = Hero.h; sourceTree = "<group>"; };
		E25563E21E8815C100222E15 /* Hero.swift */ = {isa = PBXFileReference; fileEncoding = 4; lastKnownFileType = sourcecode.swift; path = Hero.swift; sourceTree = "<group>"; };
		E25563E31E8815C100222E15 /* HeroBaseController.swift */ = {isa = PBXFileReference; fileEncoding = 4; lastKnownFileType = sourcecode.swift; path = HeroBaseController.swift; sourceTree = "<group>"; };
		E25563E41E8815C100222E15 /* HeroContext.swift */ = {isa = PBXFileReference; fileEncoding = 4; lastKnownFileType = sourcecode.swift; path = HeroContext.swift; sourceTree = "<group>"; };
		E25563E51E8815C100222E15 /* HeroIndependentController.swift */ = {isa = PBXFileReference; fileEncoding = 4; lastKnownFileType = sourcecode.swift; path = HeroIndependentController.swift; sourceTree = "<group>"; };
		E25563E61E8815C100222E15 /* HeroModifier+HeroStringConvertible.swift */ = {isa = PBXFileReference; fileEncoding = 4; lastKnownFileType = sourcecode.swift; path = "HeroModifier+HeroStringConvertible.swift"; sourceTree = "<group>"; };
		E25563E71E8815C100222E15 /* HeroModifier.swift */ = {isa = PBXFileReference; fileEncoding = 4; lastKnownFileType = sourcecode.swift; path = HeroModifier.swift; sourceTree = "<group>"; };
		E25563E81E8815C100222E15 /* HeroPlugin.swift */ = {isa = PBXFileReference; fileEncoding = 4; lastKnownFileType = sourcecode.swift; path = HeroPlugin.swift; sourceTree = "<group>"; };
		E25563E91E8815C100222E15 /* HeroStringConvertible.swift */ = {isa = PBXFileReference; fileEncoding = 4; lastKnownFileType = sourcecode.swift; path = HeroStringConvertible.swift; sourceTree = "<group>"; };
		E25563EA1E8815C100222E15 /* HeroTargetState.swift */ = {isa = PBXFileReference; fileEncoding = 4; lastKnownFileType = sourcecode.swift; path = HeroTargetState.swift; sourceTree = "<group>"; };
		E25563EB1E8815C100222E15 /* HeroTypes.swift */ = {isa = PBXFileReference; fileEncoding = 4; lastKnownFileType = sourcecode.swift; path = HeroTypes.swift; sourceTree = "<group>"; };
		E25563EC1E8815C100222E15 /* Info.plist */ = {isa = PBXFileReference; fileEncoding = 4; lastKnownFileType = text.plist.xml; path = Info.plist; sourceTree = "<group>"; };
		E25563EE1E8815C100222E15 /* Lexer.swift */ = {isa = PBXFileReference; fileEncoding = 4; lastKnownFileType = sourcecode.swift; path = Lexer.swift; sourceTree = "<group>"; };
		E25563EF1E8815C100222E15 /* Nodes.swift */ = {isa = PBXFileReference; fileEncoding = 4; lastKnownFileType = sourcecode.swift; path = Nodes.swift; sourceTree = "<group>"; };
		E25563F01E8815C100222E15 /* Parser.swift */ = {isa = PBXFileReference; fileEncoding = 4; lastKnownFileType = sourcecode.swift; path = Parser.swift; sourceTree = "<group>"; };
		E25563F11E8815C100222E15 /* Regex.swift */ = {isa = PBXFileReference; fileEncoding = 4; lastKnownFileType = sourcecode.swift; path = Regex.swift; sourceTree = "<group>"; };
		E25563F31E8815C100222E15 /* BasePreprocessor.swift */ = {isa = PBXFileReference; fileEncoding = 4; lastKnownFileType = sourcecode.swift; path = BasePreprocessor.swift; sourceTree = "<group>"; };
		E25563F41E8815C100222E15 /* CascadePreprocessor.swift */ = {isa = PBXFileReference; fileEncoding = 4; lastKnownFileType = sourcecode.swift; path = CascadePreprocessor.swift; sourceTree = "<group>"; };
		E25563F51E8815C100222E15 /* DurationPreprocessor.swift */ = {isa = PBXFileReference; fileEncoding = 4; lastKnownFileType = sourcecode.swift; path = DurationPreprocessor.swift; sourceTree = "<group>"; };
		E25563F61E8815C100222E15 /* IgnoreSubviewModifiersPreprocessor.swift */ = {isa = PBXFileReference; fileEncoding = 4; lastKnownFileType = sourcecode.swift; path = IgnoreSubviewModifiersPreprocessor.swift; sourceTree = "<group>"; };
		E25563F71E8815C100222E15 /* MatchPreprocessor.swift */ = {isa = PBXFileReference; fileEncoding = 4; lastKnownFileType = sourcecode.swift; path = MatchPreprocessor.swift; sourceTree = "<group>"; };
		E25563F81E8815C100222E15 /* SourcePreprocessor.swift */ = {isa = PBXFileReference; fileEncoding = 4; lastKnownFileType = sourcecode.swift; path = SourcePreprocessor.swift; sourceTree = "<group>"; };
		E255641F1E881ACB00222E15 /* MusicViewController.swift */ = {isa = PBXFileReference; fileEncoding = 4; lastKnownFileType = sourcecode.swift; path = MusicViewController.swift; sourceTree = "<group>"; };
		E25564211E881B1500222E15 /* MusicPlayerViewController.swift */ = {isa = PBXFileReference; fileEncoding = 4; lastKnownFileType = sourcecode.swift; path = MusicPlayerViewController.swift; sourceTree = "<group>"; };
		E269C69F1E8920970056A4DD /* AddRecordViewController.swift */ = {isa = PBXFileReference; fileEncoding = 4; lastKnownFileType = sourcecode.swift; path = AddRecordViewController.swift; sourceTree = "<group>"; };
		E269C6A11E8920B90056A4DD /* RecorderViewController.swift */ = {isa = PBXFileReference; fileEncoding = 4; lastKnownFileType = sourcecode.swift; path = RecorderViewController.swift; sourceTree = "<group>"; };
		E269C6A21E8920B90056A4DD /* Recording.swift */ = {isa = PBXFileReference; fileEncoding = 4; lastKnownFileType = sourcecode.swift; path = Recording.swift; sourceTree = "<group>"; };
		E269C6A31E8920B90056A4DD /* VoiceRecordHUD.swift */ = {isa = PBXFileReference; fileEncoding = 4; lastKnownFileType = sourcecode.swift; path = VoiceRecordHUD.swift; sourceTree = "<group>"; };
		E27140491E704CD7009ED610 /* HomeViewController.swift */ = {isa = PBXFileReference; fileEncoding = 4; lastKnownFileType = sourcecode.swift; path = HomeViewController.swift; sourceTree = "<group>"; };
		E2727D3B1E43D80800521B23 /* Lyrix Plus.app */ = {isa = PBXFileReference; explicitFileType = wrapper.application; includeInIndex = 0; path = "Lyrix Plus.app"; sourceTree = BUILT_PRODUCTS_DIR; };
		E2727D3E1E43D80800521B23 /* AppDelegate.swift */ = {isa = PBXFileReference; lastKnownFileType = sourcecode.swift; path = AppDelegate.swift; sourceTree = "<group>"; };
		E2727D401E43D80800521B23 /* ViewController.swift */ = {isa = PBXFileReference; lastKnownFileType = sourcecode.swift; path = ViewController.swift; sourceTree = "<group>"; };
		E2727D431E43D80800521B23 /* Base */ = {isa = PBXFileReference; lastKnownFileType = file.storyboard; name = Base; path = Base.lproj/Main.storyboard; sourceTree = "<group>"; };
		E2727D451E43D80800521B23 /* Assets.xcassets */ = {isa = PBXFileReference; lastKnownFileType = folder.assetcatalog; path = Assets.xcassets; sourceTree = "<group>"; };
		E2727D481E43D80800521B23 /* Base */ = {isa = PBXFileReference; lastKnownFileType = file.storyboard; name = Base; path = Base.lproj/LaunchScreen.storyboard; sourceTree = "<group>"; };
		E2727D4A1E43D80800521B23 /* Info.plist */ = {isa = PBXFileReference; lastKnownFileType = text.plist.xml; path = Info.plist; sourceTree = "<group>"; };
		E2727D521E43E6C400521B23 /* ProfilViewController.swift */ = {isa = PBXFileReference; fileEncoding = 4; lastKnownFileType = sourcecode.swift; path = ProfilViewController.swift; sourceTree = "<group>"; };
		E294F82C1EA5522C004C1B81 /* Lyrix_Plus.appex */ = {isa = PBXFileReference; explicitFileType = "wrapper.app-extension"; includeInIndex = 0; path = Lyrix_Plus.appex; sourceTree = BUILT_PRODUCTS_DIR; };
		E294F82D1EA5522C004C1B81 /* NotificationCenter.framework */ = {isa = PBXFileReference; lastKnownFileType = wrapper.framework; name = NotificationCenter.framework; path = System/Library/Frameworks/NotificationCenter.framework; sourceTree = SDKROOT; };
		E294F8301EA5522C004C1B81 /* TodayViewController.swift */ = {isa = PBXFileReference; lastKnownFileType = sourcecode.swift; path = TodayViewController.swift; sourceTree = "<group>"; };
		E294F8331EA5522C004C1B81 /* Base */ = {isa = PBXFileReference; lastKnownFileType = file.storyboard; name = Base; path = Base.lproj/MainInterface.storyboard; sourceTree = "<group>"; };
		E294F8351EA5522C004C1B81 /* Info.plist */ = {isa = PBXFileReference; lastKnownFileType = text.plist.xml; path = Info.plist; sourceTree = "<group>"; };
		E294F83D1EA55D14004C1B81 /* Lyrix_Plus.entitlements */ = {isa = PBXFileReference; lastKnownFileType = text.plist.entitlements; path = Lyrix_Plus.entitlements; sourceTree = "<group>"; };
		E2C042B31E7570FF00A67A16 /* DetailsViewController.swift */ = {isa = PBXFileReference; fileEncoding = 4; lastKnownFileType = sourcecode.swift; path = DetailsViewController.swift; sourceTree = "<group>"; };
		E2C6D2E71E6F4D0C0060031D /* Lyrix Plus.entitlements */ = {isa = PBXFileReference; lastKnownFileType = text.plist.entitlements; path = "Lyrix Plus.entitlements"; sourceTree = "<group>"; };
		E2C6D2E81E6F61DC0060031D /* SharesViewController.swift */ = {isa = PBXFileReference; fileEncoding = 4; lastKnownFileType = sourcecode.swift; path = SharesViewController.swift; sourceTree = "<group>"; };
		E2D1B5111EC0E8AB00E279B5 /* AboutUsViewController.swift */ = {isa = PBXFileReference; fileEncoding = 4; lastKnownFileType = sourcecode.swift; path = AboutUsViewController.swift; sourceTree = "<group>"; };
		E2EA370F1E55BE70000E277E /* Records.swift */ = {isa = PBXFileReference; fileEncoding = 4; lastKnownFileType = sourcecode.swift; path = Records.swift; sourceTree = "<group>"; };
		E2EA37121E55C1D3000E277E /* SharedPreferences.swift */ = {isa = PBXFileReference; fileEncoding = 4; lastKnownFileType = sourcecode.swift; path = SharedPreferences.swift; sourceTree = "<group>"; };
		E2EA37141E55CB94000E277E /* SignUpController.swift */ = {isa = PBXFileReference; fileEncoding = 4; lastKnownFileType = sourcecode.swift; path = SignUpController.swift; sourceTree = "<group>"; };
		E2EA371C1E55D5AB000E277E /* SPAnimation.swift */ = {isa = PBXFileReference; fileEncoding = 4; lastKnownFileType = sourcecode.swift; path = SPAnimation.swift; sourceTree = "<group>"; };
		E2EA371D1E55D5AB000E277E /* SPAnimationSpring.swift */ = {isa = PBXFileReference; fileEncoding = 4; lastKnownFileType = sourcecode.swift; path = SPAnimationSpring.swift; sourceTree = "<group>"; };
		E2EA371E1E55D5AB000E277E /* SPAnimationUpward.swift */ = {isa = PBXFileReference; fileEncoding = 4; lastKnownFileType = sourcecode.swift; path = SPAnimationUpward.swift; sourceTree = "<group>"; };
		E2EA37201E55D5AB000E277E /* SPAudioPlayer.swift */ = {isa = PBXFileReference; fileEncoding = 4; lastKnownFileType = sourcecode.swift; path = SPAudioPlayer.swift; sourceTree = "<group>"; };
		E2EA37221E55D5AB000E277E /* SPUIColorExtenshion.swift */ = {isa = PBXFileReference; fileEncoding = 4; lastKnownFileType = sourcecode.swift; path = SPUIColorExtenshion.swift; sourceTree = "<group>"; };
		E2EA37241E55D5AB000E277E /* SPConstraintsAssistent.swift */ = {isa = PBXFileReference; fileEncoding = 4; lastKnownFileType = sourcecode.swift; path = SPConstraintsAssistent.swift; sourceTree = "<group>"; };
		E2EA37261E55D5AB000E277E /* SPDelay.swift */ = {isa = PBXFileReference; fileEncoding = 4; lastKnownFileType = sourcecode.swift; path = SPDelay.swift; sourceTree = "<group>"; };
		E2EA37281E55D5AB000E277E /* SPUIDeviceExtenshion.swift */ = {isa = PBXFileReference; fileEncoding = 4; lastKnownFileType = sourcecode.swift; path = SPUIDeviceExtenshion.swift; sourceTree = "<group>"; };
		E2EA372B1E55D5AB000E277E /* SPBezierPathFigure.swift */ = {isa = PBXFileReference; fileEncoding = 4; lastKnownFileType = sourcecode.swift; path = SPBezierPathFigure.swift; sourceTree = "<group>"; };
		E2EA372D1E55D5AB000E277E /* SPUIImageExtenshion.swift */ = {isa = PBXFileReference; fileEncoding = 4; lastKnownFileType = sourcecode.swift; path = SPUIImageExtenshion.swift; sourceTree = "<group>"; };
		E2EA372F1E55D5AB000E277E /* SPInternetConnection.swift */ = {isa = PBXFileReference; fileEncoding = 4; lastKnownFileType = sourcecode.swift; path = SPInternetConnection.swift; sourceTree = "<group>"; };
		E2EA37331E55D5AB000E277E /* SPLaunchAnimationTwitterExtenshion.swift */ = {isa = PBXFileReference; fileEncoding = 4; lastKnownFileType = sourcecode.swift; path = SPLaunchAnimationTwitterExtenshion.swift; sourceTree = "<group>"; };
		E2EA37351E55D5AB000E277E /* SPLaunchAnimationSlideExtenshion.swift */ = {isa = PBXFileReference; fileEncoding = 4; lastKnownFileType = sourcecode.swift; path = SPLaunchAnimationSlideExtenshion.swift; sourceTree = "<group>"; };
		E2EA37361E55D5AB000E277E /* SPLaunchAnimation.swift */ = {isa = PBXFileReference; fileEncoding = 4; lastKnownFileType = sourcecode.swift; path = SPLaunchAnimation.swift; sourceTree = "<group>"; };
		E2EA37381E55D5AB000E277E /* SPRandom.swift */ = {isa = PBXFileReference; fileEncoding = 4; lastKnownFileType = sourcecode.swift; path = SPRandom.swift; sourceTree = "<group>"; };
		E2EA373B1E55D5AB000E277E /* SPExtenshionViewController.swift */ = {isa = PBXFileReference; fileEncoding = 4; lastKnownFileType = sourcecode.swift; path = SPExtenshionViewController.swift; sourceTree = "<group>"; };
		E2EA373C1E55D5AB000E277E /* SPGradientViewController.swift */ = {isa = PBXFileReference; fileEncoding = 4; lastKnownFileType = sourcecode.swift; path = SPGradientViewController.swift; sourceTree = "<group>"; };
		E2EA373D1E55D5AB000E277E /* SPPageItemsScallingViewController.swift */ = {isa = PBXFileReference; fileEncoding = 4; lastKnownFileType = sourcecode.swift; path = SPPageItemsScallingViewController.swift; sourceTree = "<group>"; };
		E2EA373E1E55D5AB000E277E /* SPParalaxTableViewController.swift */ = {isa = PBXFileReference; fileEncoding = 4; lastKnownFileType = sourcecode.swift; path = SPParalaxTableViewController.swift; sourceTree = "<group>"; };
		E2EA37411E55D5AB000E277E /* SPIconsButton.swift */ = {isa = PBXFileReference; fileEncoding = 4; lastKnownFileType = sourcecode.swift; path = SPIconsButton.swift; sourceTree = "<group>"; };
		E2EA37421E55D5AB000E277E /* SPLinesCircleButtonsView.swift */ = {isa = PBXFileReference; fileEncoding = 4; lastKnownFileType = sourcecode.swift; path = SPLinesCircleButtonsView.swift; sourceTree = "<group>"; };
		E2EA37431E55D5AB000E277E /* SPRoundButton.swift */ = {isa = PBXFileReference; fileEncoding = 4; lastKnownFileType = sourcecode.swift; path = SPRoundButton.swift; sourceTree = "<group>"; };
		E2EA37451E55D5AB000E277E /* SPSegmentControllCell.swift */ = {isa = PBXFileReference; fileEncoding = 4; lastKnownFileType = sourcecode.swift; path = SPSegmentControllCell.swift; sourceTree = "<group>"; };
		E2EA37461E55D5AB000E277E /* SPSegmentControlProtocol.swift */ = {isa = PBXFileReference; fileEncoding = 4; lastKnownFileType = sourcecode.swift; path = SPSegmentControlProtocol.swift; sourceTree = "<group>"; };
		E2EA37471E55D5AB000E277E /* SPSegmentControlStyleProtocol.swift */ = {isa = PBXFileReference; fileEncoding = 4; lastKnownFileType = sourcecode.swift; path = SPSegmentControlStyleProtocol.swift; sourceTree = "<group>"; };
		E2EA37481E55D5AB000E277E /* SPSegmentedControl.swift */ = {isa = PBXFileReference; fileEncoding = 4; lastKnownFileType = sourcecode.swift; path = SPSegmentedControl.swift; sourceTree = "<group>"; };
		E2EA374C1E55D5AB000E277E /* SPCollectionViewCell.swift */ = {isa = PBXFileReference; fileEncoding = 4; lastKnownFileType = sourcecode.swift; path = SPCollectionViewCell.swift; sourceTree = "<group>"; };
		E2EA374E1E55D5AB000E277E /* SPPageItemsScalingCollectionView.swift */ = {isa = PBXFileReference; fileEncoding = 4; lastKnownFileType = sourcecode.swift; path = SPPageItemsScalingCollectionView.swift; sourceTree = "<group>"; };
		E2EA37501E55D5AB000E277E /* SPPageItemsScalingCollectionLayout.swift */ = {isa = PBXFileReference; fileEncoding = 4; lastKnownFileType = sourcecode.swift; path = SPPageItemsScalingCollectionLayout.swift; sourceTree = "<group>"; };
		E2EA37531E55D5AB000E277E /* SPParallaxTableViewCell.swift */ = {isa = PBXFileReference; fileEncoding = 4; lastKnownFileType = sourcecode.swift; path = SPParallaxTableViewCell.swift; sourceTree = "<group>"; };
		E2EA37551E55D5AB000E277E /* SPBlurView.swift */ = {isa = PBXFileReference; fileEncoding = 4; lastKnownFileType = sourcecode.swift; path = SPBlurView.swift; sourceTree = "<group>"; };
		E2EA37561E55D5AB000E277E /* SPGradientView.swift */ = {isa = PBXFileReference; fileEncoding = 4; lastKnownFileType = sourcecode.swift; path = SPGradientView.swift; sourceTree = "<group>"; };
		E2EA37571E55D5AB000E277E /* SPUILabelExtenshion.swift */ = {isa = PBXFileReference; fileEncoding = 4; lastKnownFileType = sourcecode.swift; path = SPUILabelExtenshion.swift; sourceTree = "<group>"; };
		E2EA37581E55D5AB000E277E /* SPUIViewExtenshion.swift */ = {isa = PBXFileReference; fileEncoding = 4; lastKnownFileType = sourcecode.swift; path = SPUIViewExtenshion.swift; sourceTree = "<group>"; };
/* End PBXFileReference section */

/* Begin PBXFrameworksBuildPhase section */
		E2727D381E43D80800521B23 /* Frameworks */ = {
			isa = PBXFrameworksBuildPhase;
			buildActionMask = 2147483647;
			files = (
				A49C6A3D92BA543F8B7A8AEF /* Pods_Lyrix_Plus.framework in Frameworks */,
			);
			runOnlyForDeploymentPostprocessing = 0;
		};
		E294F8291EA5522C004C1B81 /* Frameworks */ = {
			isa = PBXFrameworksBuildPhase;
			buildActionMask = 2147483647;
			files = (
				E294F82E1EA5522C004C1B81 /* NotificationCenter.framework in Frameworks */,
			);
			runOnlyForDeploymentPostprocessing = 0;
		};
/* End PBXFrameworksBuildPhase section */

/* Begin PBXGroup section */
		5007F93F0A28BAA7071D7EBE /* Frameworks */ = {
			isa = PBXGroup;
			children = (
				D1AB1CC1366EE0487548A400 /* Pods_Lyrix_Plus.framework */,
				E294F82D1EA5522C004C1B81 /* NotificationCenter.framework */,
				E2010AA21EA6E19900839037 /* IntentsUI.framework */,
			);
			name = Frameworks;
			sourceTree = "<group>";
		};
		E25563CE1E8815C100222E15 /* Sources */ = {
			isa = PBXGroup;
			children = (
				E25563CF1E8815C100222E15 /* Animator */,
				E25563D41E8815C100222E15 /* Debug Plugin */,
				E25563D71E8815C100222E15 /* DefaultAnimationPreprocessor.swift */,
				E25563D81E8815C100222E15 /* Extensions */,
				E25563E11E8815C100222E15 /* Hero.h */,
				E25563E21E8815C100222E15 /* Hero.swift */,
				E25563E31E8815C100222E15 /* HeroBaseController.swift */,
				E25563E41E8815C100222E15 /* HeroContext.swift */,
				E25563E51E8815C100222E15 /* HeroIndependentController.swift */,
				E25563E61E8815C100222E15 /* HeroModifier+HeroStringConvertible.swift */,
				E25563E71E8815C100222E15 /* HeroModifier.swift */,
				E25563E81E8815C100222E15 /* HeroPlugin.swift */,
				E25563E91E8815C100222E15 /* HeroStringConvertible.swift */,
				E25563EA1E8815C100222E15 /* HeroTargetState.swift */,
				E25563EB1E8815C100222E15 /* HeroTypes.swift */,
				E25563EC1E8815C100222E15 /* Info.plist */,
				E25563ED1E8815C100222E15 /* Parser */,
				E25563F21E8815C100222E15 /* Preprocessors */,
			);
			path = Sources;
			sourceTree = "<group>";
		};
		E25563CF1E8815C100222E15 /* Animator */ = {
			isa = PBXGroup;
			children = (
				E25563D01E8815C100222E15 /* HeroAnimatorViewContext.swift */,
				E25563D11E8815C100222E15 /* HeroCoreAnimationViewContext.swift */,
				E25563D21E8815C100222E15 /* HeroDefaultAnimator.swift */,
				E25563D31E8815C100222E15 /* HeroViewPropertyViewContext.swift */,
			);
			path = Animator;
			sourceTree = "<group>";
		};
		E25563D41E8815C100222E15 /* Debug Plugin */ = {
			isa = PBXGroup;
			children = (
				E25563D51E8815C100222E15 /* HeroDebugPlugin.swift */,
				E25563D61E8815C100222E15 /* HeroDebugView.swift */,
			);
			path = "Debug Plugin";
			sourceTree = "<group>";
		};
		E25563D81E8815C100222E15 /* Extensions */ = {
			isa = PBXGroup;
			children = (
				E25563D91E8815C100222E15 /* Array+HeroModifier.swift */,
				E25563DA1E8815C100222E15 /* CALayer+Hero.swift */,
				E25563DB1E8815C100222E15 /* CAMediaTimingFunction+Hero.swift */,
				E25563DC1E8815C100222E15 /* CG+Hero.swift */,
				E25563DD1E8815C100222E15 /* DispatchQueue+Hero.swift */,
				E25563DE1E8815C100222E15 /* UIKit+Hero.swift */,
				E25563DF1E8815C100222E15 /* UIView+Hero.swift */,
				E25563E01E8815C100222E15 /* UIViewController+Hero.swift */,
			);
			path = Extensions;
			sourceTree = "<group>";
		};
		E25563ED1E8815C100222E15 /* Parser */ = {
			isa = PBXGroup;
			children = (
				E25563EE1E8815C100222E15 /* Lexer.swift */,
				E25563EF1E8815C100222E15 /* Nodes.swift */,
				E25563F01E8815C100222E15 /* Parser.swift */,
				E25563F11E8815C100222E15 /* Regex.swift */,
			);
			path = Parser;
			sourceTree = "<group>";
		};
		E25563F21E8815C100222E15 /* Preprocessors */ = {
			isa = PBXGroup;
			children = (
				E25563F31E8815C100222E15 /* BasePreprocessor.swift */,
				E25563F41E8815C100222E15 /* CascadePreprocessor.swift */,
				E25563F51E8815C100222E15 /* DurationPreprocessor.swift */,
				E25563F61E8815C100222E15 /* IgnoreSubviewModifiersPreprocessor.swift */,
				E25563F71E8815C100222E15 /* MatchPreprocessor.swift */,
				E25563F81E8815C100222E15 /* SourcePreprocessor.swift */,
			);
			path = Preprocessors;
			sourceTree = "<group>";
		};
		E2727D321E43D80800521B23 = {
			isa = PBXGroup;
			children = (
				E25563CE1E8815C100222E15 /* Sources */,
				E2EA37111E55C1BD000E277E /* outils */,
				E2727D3D1E43D80800521B23 /* Lyrix Plus */,
				E294F82F1EA5522C004C1B81 /* Lyrix_Plus */,
				E2727D3C1E43D80800521B23 /* Products */,
				E98DB6BEB29363E00F502C4E /* Pods */,
				5007F93F0A28BAA7071D7EBE /* Frameworks */,
			);
			sourceTree = "<group>";
		};
		E2727D3C1E43D80800521B23 /* Products */ = {
			isa = PBXGroup;
			children = (
				E2727D3B1E43D80800521B23 /* Lyrix Plus.app */,
				E294F82C1EA5522C004C1B81 /* Lyrix_Plus.appex */,
			);
			name = Products;
			sourceTree = "<group>";
		};
		E2727D3D1E43D80800521B23 /* Lyrix Plus */ = {
			isa = PBXGroup;
			children = (
				E2C6D2E71E6F4D0C0060031D /* Lyrix Plus.entitlements */,
				E2EA371A1E55D5AB000E277E /* Sparrow */,
				E2727D3E1E43D80800521B23 /* AppDelegate.swift */,
				E2727D401E43D80800521B23 /* ViewController.swift */,
				E269C6A11E8920B90056A4DD /* RecorderViewController.swift */,
				E269C6A21E8920B90056A4DD /* Recording.swift */,
				E269C6A31E8920B90056A4DD /* VoiceRecordHUD.swift */,
				E2727D421E43D80800521B23 /* Main.storyboard */,
				E2727D451E43D80800521B23 /* Assets.xcassets */,
				E2727D471E43D80800521B23 /* LaunchScreen.storyboard */,
				E2727D4A1E43D80800521B23 /* Info.plist */,
				E2727D521E43E6C400521B23 /* ProfilViewController.swift */,
				E2EA370F1E55BE70000E277E /* Records.swift */,
				E2EA37141E55CB94000E277E /* SignUpController.swift */,
				E2C6D2E81E6F61DC0060031D /* SharesViewController.swift */,
				E27140491E704CD7009ED610 /* HomeViewController.swift */,
				E2C042B31E7570FF00A67A16 /* DetailsViewController.swift */,
				E240AE301E770DF40077BD9F /* CommentsViewController.swift */,
				E255641F1E881ACB00222E15 /* MusicViewController.swift */,
				E25564211E881B1500222E15 /* MusicPlayerViewController.swift */,
				E269C69F1E8920970056A4DD /* AddRecordViewController.swift */,
				E25207B71E9DB64200D3819A /* Reachability.swift */,
				E20406A21EA6B36400206195 /* MyTabBarViewController.swift */,
				E246CA1C1EA817F800F66898 /* customButton.swift */,
				E218CB751EB0E35B00B230DE /* UpdateImageViewController.swift */,
				8B84866F1EBC690200B22B90 /* DetailAlbum.swift */,
				8B8486701EBC690200B22B90 /* City.swift */,
				8B8486711EBC690200B22B90 /* CityGuideViewController.swift */,
				8B8486721EBC690200B22B90 /* CityGuideCell.swift */,
				8B8486731EBC690200B22B90 /* TopSongArtistController.swift */,
				8B8486741EBC690200B22B90 /* ArtistController.swift */,
				8B8486751EBC690200B22B90 /* SearchArtistController.swift */,
				8B8486761EBC690200B22B90 /* SearchMusicController.swift */,
				8B8486771EBC690200B22B90 /* UploadPicture.swift */,
				8B8486781EBC690200B22B90 /* TopMusicController.swift */,
				8B8486791EBC690200B22B90 /* SongDetailsController.swift */,
				8B84867A1EBC690200B22B90 /* SongController.swift */,
				8B84867B1EBC690200B22B90 /* PreviewPlayer.swift */,
				8B84867C1EBC690200B22B90 /* SelectCountryController.swift */,
				8B84867D1EBC690200B22B90 /* RecognitionController.swift */,
				8B84867E1EBC690200B22B90 /* SongCell.swift */,
				8B84867F1EBC690200B22B90 /* LyriXPlus.xcdatamodel */,
				8B8486801EBC690200B22B90 /* DropMenuButton.swift */,
				8B8486811EBC690200B22B90 /* DropDownTitleView.swift */,
				8B8486821EBC690200B22B90 /* DropDownMenu.swift */,
				8B8486831EBC690200B22B90 /* DropDownMenuCell.swift */,
				8B8486841EBC690200B22B90 /* DropDownMenu.h */,
				8B8486851EBC690200B22B90 /* bgg.gif */,
				8B8486861EBC690200B22B90 /* gifFramework.swift */,
				E2D1B5111EC0E8AB00E279B5 /* AboutUsViewController.swift */,
			);
			path = "Lyrix Plus";
			sourceTree = "<group>";
		};
		E294F82F1EA5522C004C1B81 /* Lyrix_Plus */ = {
			isa = PBXGroup;
			children = (
				E294F83D1EA55D14004C1B81 /* Lyrix_Plus.entitlements */,
				E294F8301EA5522C004C1B81 /* TodayViewController.swift */,
				E294F8321EA5522C004C1B81 /* MainInterface.storyboard */,
				E294F8351EA5522C004C1B81 /* Info.plist */,
			);
			path = Lyrix_Plus;
			sourceTree = "<group>";
		};
		E2EA37111E55C1BD000E277E /* outils */ = {
			isa = PBXGroup;
			children = (
				E2EA37121E55C1D3000E277E /* SharedPreferences.swift */,
			);
			name = outils;
			sourceTree = "<group>";
		};
		E2EA371A1E55D5AB000E277E /* Sparrow */ = {
			isa = PBXGroup;
			children = (
				E2EA371B1E55D5AB000E277E /* Animation */,
				E2EA371F1E55D5AB000E277E /* Audio */,
				E2EA37211E55D5AB000E277E /* Color */,
				E2EA37231E55D5AB000E277E /* Constraints */,
				E2EA37251E55D5AB000E277E /* Delay */,
				E2EA37271E55D5AB000E277E /* Device */,
				E2EA37291E55D5AB000E277E /* Figure */,
				E2EA372C1E55D5AB000E277E /* Image */,
				E2EA372E1E55D5AB000E277E /* InternetConnection */,
				E2EA37301E55D5AB000E277E /* Launch */,
				E2EA37371E55D5AB000E277E /* Random */,
				E2EA37391E55D5AB000E277E /* UI */,
			);
			path = Sparrow;
			sourceTree = "<group>";
		};
		E2EA371B1E55D5AB000E277E /* Animation */ = {
			isa = PBXGroup;
			children = (
				E2EA371C1E55D5AB000E277E /* SPAnimation.swift */,
				E2EA371D1E55D5AB000E277E /* SPAnimationSpring.swift */,
				E2EA371E1E55D5AB000E277E /* SPAnimationUpward.swift */,
			);
			path = Animation;
			sourceTree = "<group>";
		};
		E2EA371F1E55D5AB000E277E /* Audio */ = {
			isa = PBXGroup;
			children = (
				E2EA37201E55D5AB000E277E /* SPAudioPlayer.swift */,
			);
			path = Audio;
			sourceTree = "<group>";
		};
		E2EA37211E55D5AB000E277E /* Color */ = {
			isa = PBXGroup;
			children = (
				E2EA37221E55D5AB000E277E /* SPUIColorExtenshion.swift */,
			);
			path = Color;
			sourceTree = "<group>";
		};
		E2EA37231E55D5AB000E277E /* Constraints */ = {
			isa = PBXGroup;
			children = (
				E2EA37241E55D5AB000E277E /* SPConstraintsAssistent.swift */,
			);
			path = Constraints;
			sourceTree = "<group>";
		};
		E2EA37251E55D5AB000E277E /* Delay */ = {
			isa = PBXGroup;
			children = (
				E2EA37261E55D5AB000E277E /* SPDelay.swift */,
			);
			path = Delay;
			sourceTree = "<group>";
		};
		E2EA37271E55D5AB000E277E /* Device */ = {
			isa = PBXGroup;
			children = (
				E2EA37281E55D5AB000E277E /* SPUIDeviceExtenshion.swift */,
			);
			path = Device;
			sourceTree = "<group>";
		};
		E2EA37291E55D5AB000E277E /* Figure */ = {
			isa = PBXGroup;
			children = (
				E2EA372A1E55D5AB000E277E /* BezierPathFigure */,
			);
			path = Figure;
			sourceTree = "<group>";
		};
		E2EA372A1E55D5AB000E277E /* BezierPathFigure */ = {
			isa = PBXGroup;
			children = (
				E2EA372B1E55D5AB000E277E /* SPBezierPathFigure.swift */,
			);
			path = BezierPathFigure;
			sourceTree = "<group>";
		};
		E2EA372C1E55D5AB000E277E /* Image */ = {
			isa = PBXGroup;
			children = (
				E2EA372D1E55D5AB000E277E /* SPUIImageExtenshion.swift */,
			);
			path = Image;
			sourceTree = "<group>";
		};
		E2EA372E1E55D5AB000E277E /* InternetConnection */ = {
			isa = PBXGroup;
			children = (
				E2EA372F1E55D5AB000E277E /* SPInternetConnection.swift */,
			);
			path = InternetConnection;
			sourceTree = "<group>";
		};
		E2EA37301E55D5AB000E277E /* Launch */ = {
			isa = PBXGroup;
			children = (
				E2EA37311E55D5AB000E277E /* Animation */,
			);
			path = Launch;
			sourceTree = "<group>";
		};
		E2EA37311E55D5AB000E277E /* Animation */ = {
			isa = PBXGroup;
			children = (
				E2EA37321E55D5AB000E277E /* asTwitter */,
				E2EA37341E55D5AB000E277E /* Slide */,
				E2EA37361E55D5AB000E277E /* SPLaunchAnimation.swift */,
			);
			path = Animation;
			sourceTree = "<group>";
		};
		E2EA37321E55D5AB000E277E /* asTwitter */ = {
			isa = PBXGroup;
			children = (
				E2EA37331E55D5AB000E277E /* SPLaunchAnimationTwitterExtenshion.swift */,
			);
			path = asTwitter;
			sourceTree = "<group>";
		};
		E2EA37341E55D5AB000E277E /* Slide */ = {
			isa = PBXGroup;
			children = (
				E2EA37351E55D5AB000E277E /* SPLaunchAnimationSlideExtenshion.swift */,
			);
			path = Slide;
			sourceTree = "<group>";
		};
		E2EA37371E55D5AB000E277E /* Random */ = {
			isa = PBXGroup;
			children = (
				E2EA37381E55D5AB000E277E /* SPRandom.swift */,
			);
			path = Random;
			sourceTree = "<group>";
		};
		E2EA37391E55D5AB000E277E /* UI */ = {
			isa = PBXGroup;
			children = (
				E2EA373A1E55D5AB000E277E /* Controllers */,
				E2EA373F1E55D5AB000E277E /* Controls */,
				E2EA37491E55D5AB000E277E /* Views */,
			);
			path = UI;
			sourceTree = "<group>";
		};
		E2EA373A1E55D5AB000E277E /* Controllers */ = {
			isa = PBXGroup;
			children = (
				E2EA373B1E55D5AB000E277E /* SPExtenshionViewController.swift */,
				E2EA373C1E55D5AB000E277E /* SPGradientViewController.swift */,
				E2EA373D1E55D5AB000E277E /* SPPageItemsScallingViewController.swift */,
				E2EA373E1E55D5AB000E277E /* SPParalaxTableViewController.swift */,
			);
			path = Controllers;
			sourceTree = "<group>";
		};
		E2EA373F1E55D5AB000E277E /* Controls */ = {
			isa = PBXGroup;
			children = (
				E2EA37401E55D5AB000E277E /* Buttons */,
				E2EA37441E55D5AB000E277E /* SegmentedControl */,
			);
			path = Controls;
			sourceTree = "<group>";
		};
		E2EA37401E55D5AB000E277E /* Buttons */ = {
			isa = PBXGroup;
			children = (
				E2EA37411E55D5AB000E277E /* SPIconsButton.swift */,
				E2EA37421E55D5AB000E277E /* SPLinesCircleButtonsView.swift */,
				E2EA37431E55D5AB000E277E /* SPRoundButton.swift */,
			);
			path = Buttons;
			sourceTree = "<group>";
		};
		E2EA37441E55D5AB000E277E /* SegmentedControl */ = {
			isa = PBXGroup;
			children = (
				E2EA37451E55D5AB000E277E /* SPSegmentControllCell.swift */,
				E2EA37461E55D5AB000E277E /* SPSegmentControlProtocol.swift */,
				E2EA37471E55D5AB000E277E /* SPSegmentControlStyleProtocol.swift */,
				E2EA37481E55D5AB000E277E /* SPSegmentedControl.swift */,
			);
			path = SegmentedControl;
			sourceTree = "<group>";
		};
		E2EA37491E55D5AB000E277E /* Views */ = {
			isa = PBXGroup;
			children = (
				E2EA374A1E55D5AB000E277E /* CollectionViews */,
				E2EA37511E55D5AB000E277E /* TableViews */,
				E2EA37541E55D5AB000E277E /* Views */,
			);
			path = Views;
			sourceTree = "<group>";
		};
		E2EA374A1E55D5AB000E277E /* CollectionViews */ = {
			isa = PBXGroup;
			children = (
				E2EA374B1E55D5AB000E277E /* Cells */,
				E2EA374D1E55D5AB000E277E /* CollectionViews */,
				E2EA374F1E55D5AB000E277E /* Layouts */,
			);
			path = CollectionViews;
			sourceTree = "<group>";
		};
		E2EA374B1E55D5AB000E277E /* Cells */ = {
			isa = PBXGroup;
			children = (
				E2EA374C1E55D5AB000E277E /* SPCollectionViewCell.swift */,
			);
			path = Cells;
			sourceTree = "<group>";
		};
		E2EA374D1E55D5AB000E277E /* CollectionViews */ = {
			isa = PBXGroup;
			children = (
				E2EA374E1E55D5AB000E277E /* SPPageItemsScalingCollectionView.swift */,
			);
			path = CollectionViews;
			sourceTree = "<group>";
		};
		E2EA374F1E55D5AB000E277E /* Layouts */ = {
			isa = PBXGroup;
			children = (
				E2EA37501E55D5AB000E277E /* SPPageItemsScalingCollectionLayout.swift */,
			);
			path = Layouts;
			sourceTree = "<group>";
		};
		E2EA37511E55D5AB000E277E /* TableViews */ = {
			isa = PBXGroup;
			children = (
				E2EA37521E55D5AB000E277E /* Cell */,
			);
			path = TableViews;
			sourceTree = "<group>";
		};
		E2EA37521E55D5AB000E277E /* Cell */ = {
			isa = PBXGroup;
			children = (
				E2EA37531E55D5AB000E277E /* SPParallaxTableViewCell.swift */,
			);
			path = Cell;
			sourceTree = "<group>";
		};
		E2EA37541E55D5AB000E277E /* Views */ = {
			isa = PBXGroup;
			children = (
				E2EA37551E55D5AB000E277E /* SPBlurView.swift */,
				E2EA37561E55D5AB000E277E /* SPGradientView.swift */,
				E2EA37571E55D5AB000E277E /* SPUILabelExtenshion.swift */,
				E2EA37581E55D5AB000E277E /* SPUIViewExtenshion.swift */,
			);
			path = Views;
			sourceTree = "<group>";
		};
		E98DB6BEB29363E00F502C4E /* Pods */ = {
			isa = PBXGroup;
			children = (
				2DE5D0DB2E31C5F24D1ABE7A /* Pods-Lyrix Plus.debug.xcconfig */,
				0127063134E1941AB8827CBD /* Pods-Lyrix Plus.release.xcconfig */,
			);
			name = Pods;
			sourceTree = "<group>";
		};
/* End PBXGroup section */

/* Begin PBXNativeTarget section */
		E2727D3A1E43D80800521B23 /* Lyrix Plus */ = {
			isa = PBXNativeTarget;
			buildConfigurationList = E2727D4D1E43D80800521B23 /* Build configuration list for PBXNativeTarget "Lyrix Plus" */;
			buildPhases = (
				099D0FF12BB19DAF51CC9E07 /* [CP] Check Pods Manifest.lock */,
				E2727D371E43D80800521B23 /* Sources */,
				E2727D381E43D80800521B23 /* Frameworks */,
				E2727D391E43D80800521B23 /* Resources */,
				3680C9FCFB3D2FC7DE5C95C9 /* [CP] Embed Pods Frameworks */,
				49B43B935F9BC201F2612E70 /* [CP] Copy Pods Resources */,
				E294F83C1EA5522C004C1B81 /* Embed App Extensions */,
			);
			buildRules = (
			);
			dependencies = (
				E294F8371EA5522C004C1B81 /* PBXTargetDependency */,
			);
			name = "Lyrix Plus";
			productName = "Lyrix Plus";
			productReference = E2727D3B1E43D80800521B23 /* Lyrix Plus.app */;
			productType = "com.apple.product-type.application";
		};
		E294F82B1EA5522C004C1B81 /* Lyrix_Plus */ = {
			isa = PBXNativeTarget;
			buildConfigurationList = E294F83B1EA5522C004C1B81 /* Build configuration list for PBXNativeTarget "Lyrix_Plus" */;
			buildPhases = (
				E294F8281EA5522C004C1B81 /* Sources */,
				E294F8291EA5522C004C1B81 /* Frameworks */,
				E294F82A1EA5522C004C1B81 /* Resources */,
			);
			buildRules = (
			);
			dependencies = (
			);
			name = Lyrix_Plus;
			productName = Lyrix_Plus;
			productReference = E294F82C1EA5522C004C1B81 /* Lyrix_Plus.appex */;
			productType = "com.apple.product-type.app-extension";
		};
/* End PBXNativeTarget section */

/* Begin PBXProject section */
		E2727D331E43D80800521B23 /* Project object */ = {
			isa = PBXProject;
			attributes = {
				LastSwiftUpdateCheck = 0830;
				LastUpgradeCheck = 0820;
				ORGANIZATIONNAME = "Ahmed Haddar";
				TargetAttributes = {
					E2727D3A1E43D80800521B23 = {
						CreatedOnToolsVersion = 8.2.1;
						DevelopmentTeam = G96V29LG5G;
						ProvisioningStyle = Automatic;
						SystemCapabilities = {
							com.apple.ApplicationGroups.iOS = {
								enabled = 1;
							};
							com.apple.Keychain = {
								enabled = 1;
							};
							com.apple.Siri = {
								enabled = 0;
							};
						};
					};
					E294F82B1EA5522C004C1B81 = {
						CreatedOnToolsVersion = 8.3.1;
						DevelopmentTeam = G96V29LG5G;
						ProvisioningStyle = Automatic;
						SystemCapabilities = {
							com.apple.ApplicationGroups.iOS = {
								enabled = 1;
							};
						};
					};
				};
			};
			buildConfigurationList = E2727D361E43D80800521B23 /* Build configuration list for PBXProject "Lyrix Plus" */;
			compatibilityVersion = "Xcode 3.2";
			developmentRegion = English;
			hasScannedForEncodings = 0;
			knownRegions = (
				en,
				Base,
			);
			mainGroup = E2727D321E43D80800521B23;
			productRefGroup = E2727D3C1E43D80800521B23 /* Products */;
			projectDirPath = "";
			projectRoot = "";
			targets = (
				E2727D3A1E43D80800521B23 /* Lyrix Plus */,
				E294F82B1EA5522C004C1B81 /* Lyrix_Plus */,
			);
		};
/* End PBXProject section */

/* Begin PBXResourcesBuildPhase section */
		E2727D391E43D80800521B23 /* Resources */ = {
			isa = PBXResourcesBuildPhase;
			buildActionMask = 2147483647;
			files = (
				E25564121E8815C100222E15 /* Info.plist in Resources */,
				E2727D491E43D80800521B23 /* LaunchScreen.storyboard in Resources */,
				8B84869C1EBC690200B22B90 /* bgg.gif in Resources */,
				E2727D461E43D80800521B23 /* Assets.xcassets in Resources */,
				E2727D441E43D80800521B23 /* Main.storyboard in Resources */,
			);
			runOnlyForDeploymentPostprocessing = 0;
		};
		E294F82A1EA5522C004C1B81 /* Resources */ = {
			isa = PBXResourcesBuildPhase;
			buildActionMask = 2147483647;
			files = (
				E294F83E1EA5712B004C1B81 /* Assets.xcassets in Resources */,
				E294F8341EA5522C004C1B81 /* MainInterface.storyboard in Resources */,
			);
			runOnlyForDeploymentPostprocessing = 0;
		};
/* End PBXResourcesBuildPhase section */

/* Begin PBXShellScriptBuildPhase section */
		099D0FF12BB19DAF51CC9E07 /* [CP] Check Pods Manifest.lock */ = {
			isa = PBXShellScriptBuildPhase;
			buildActionMask = 2147483647;
			files = (
			);
			inputPaths = (
			);
			name = "[CP] Check Pods Manifest.lock";
			outputPaths = (
			);
			runOnlyForDeploymentPostprocessing = 0;
			shellPath = /bin/sh;
			shellScript = "diff \"${PODS_ROOT}/../Podfile.lock\" \"${PODS_ROOT}/Manifest.lock\" > /dev/null\nif [ $? != 0 ] ; then\n    # print error to STDERR\n    echo \"error: The sandbox is not in sync with the Podfile.lock. Run 'pod install' or update your CocoaPods installation.\" >&2\n    exit 1\nfi\n";
			showEnvVarsInLog = 0;
		};
		3680C9FCFB3D2FC7DE5C95C9 /* [CP] Embed Pods Frameworks */ = {
			isa = PBXShellScriptBuildPhase;
			buildActionMask = 2147483647;
			files = (
			);
			inputPaths = (
			);
			name = "[CP] Embed Pods Frameworks";
			outputPaths = (
			);
			runOnlyForDeploymentPostprocessing = 0;
			shellPath = /bin/sh;
			shellScript = "\"${SRCROOT}/Pods/Target Support Files/Pods-Lyrix Plus/Pods-Lyrix Plus-frameworks.sh\"\n";
			showEnvVarsInLog = 0;
		};
		49B43B935F9BC201F2612E70 /* [CP] Copy Pods Resources */ = {
			isa = PBXShellScriptBuildPhase;
			buildActionMask = 2147483647;
			files = (
			);
			inputPaths = (
			);
			name = "[CP] Copy Pods Resources";
			outputPaths = (
			);
			runOnlyForDeploymentPostprocessing = 0;
			shellPath = /bin/sh;
			shellScript = "\"${SRCROOT}/Pods/Target Support Files/Pods-Lyrix Plus/Pods-Lyrix Plus-resources.sh\"\n";
			showEnvVarsInLog = 0;
		};
/* End PBXShellScriptBuildPhase section */

/* Begin PBXSourcesBuildPhase section */
		E2727D371E43D80800521B23 /* Sources */ = {
			isa = PBXSourcesBuildPhase;
			buildActionMask = 2147483647;
			files = (
				8B8486981EBC690200B22B90 /* DropMenuButton.swift in Sources */,
				E2EA377A1E55D5AB000E277E /* SPUIViewExtenshion.swift in Sources */,
				E2EA37701E55D5AB000E277E /* SPSegmentControlProtocol.swift in Sources */,
				8B8486891EBC690200B22B90 /* CityGuideViewController.swift in Sources */,
				E269C6A01E8920970056A4DD /* AddRecordViewController.swift in Sources */,
				E2727D531E43E6C400521B23 /* ProfilViewController.swift in Sources */,
				E269C6A41E8920B90056A4DD /* RecorderViewController.swift in Sources */,
				E2EA37641E55D5AB000E277E /* SPLaunchAnimationTwitterExtenshion.swift in Sources */,
				E255640C1E8815C100222E15 /* HeroModifier+HeroStringConvertible.swift in Sources */,
				8B84868C1EBC690200B22B90 /* ArtistController.swift in Sources */,
				E25564091E8815C100222E15 /* HeroBaseController.swift in Sources */,
				8B84868B1EBC690200B22B90 /* TopSongArtistController.swift in Sources */,
				8B84868F1EBC690200B22B90 /* UploadPicture.swift in Sources */,
				E2EA37131E55C1D3000E277E /* SharedPreferences.swift in Sources */,
				E25563F91E8815C100222E15 /* HeroAnimatorViewContext.swift in Sources */,
				E246CA1D1EA817F800F66898 /* customButton.swift in Sources */,
				8B8486991EBC690200B22B90 /* DropDownTitleView.swift in Sources */,
				8B8486911EBC690200B22B90 /* SongDetailsController.swift in Sources */,
				E2EA376F1E55D5AB000E277E /* SPSegmentControllCell.swift in Sources */,
				E2EA376A1E55D5AB000E277E /* SPPageItemsScallingViewController.swift in Sources */,
				E2EA37761E55D5AB000E277E /* SPParallaxTableViewCell.swift in Sources */,
				E25564201E881ACB00222E15 /* MusicViewController.swift in Sources */,
				E255640B1E8815C100222E15 /* HeroIndependentController.swift in Sources */,
				E2727D411E43D80800521B23 /* ViewController.swift in Sources */,
				E2EA375C1E55D5AB000E277E /* SPAudioPlayer.swift in Sources */,
				E2EA375E1E55D5AB000E277E /* SPConstraintsAssistent.swift in Sources */,
				E25564071E8815C100222E15 /* UIViewController+Hero.swift in Sources */,
				E2EA376C1E55D5AB000E277E /* SPIconsButton.swift in Sources */,
				E2EA37611E55D5AB000E277E /* SPBezierPathFigure.swift in Sources */,
				8B84869A1EBC690200B22B90 /* DropDownMenu.swift in Sources */,
				8B8486951EBC690200B22B90 /* RecognitionController.swift in Sources */,
				E2EA37781E55D5AB000E277E /* SPGradientView.swift in Sources */,
				E25564131E8815C100222E15 /* Lexer.swift in Sources */,
				E2EA37681E55D5AB000E277E /* SPExtenshionViewController.swift in Sources */,
				E25564051E8815C100222E15 /* UIKit+Hero.swift in Sources */,
				E25564221E881B1500222E15 /* MusicPlayerViewController.swift in Sources */,
				E25563FD1E8815C100222E15 /* HeroDebugPlugin.swift in Sources */,
				E2EA37691E55D5AB000E277E /* SPGradientViewController.swift in Sources */,
				E2EA37101E55BE70000E277E /* Records.swift in Sources */,
				E2EA376E1E55D5AB000E277E /* SPRoundButton.swift in Sources */,
				E271404A1E704CD7009ED610 /* HomeViewController.swift in Sources */,
				E255641C1E8815C100222E15 /* SourcePreprocessor.swift in Sources */,
				E218CB761EB0E35B00B230DE /* UpdateImageViewController.swift in Sources */,
				E25563FF1E8815C100222E15 /* DefaultAnimationPreprocessor.swift in Sources */,
				E25564101E8815C100222E15 /* HeroTargetState.swift in Sources */,
				E25564031E8815C100222E15 /* CG+Hero.swift in Sources */,
				E2EA37661E55D5AB000E277E /* SPLaunchAnimation.swift in Sources */,
				E25207B81E9DB64200D3819A /* Reachability.swift in Sources */,
				E25564111E8815C100222E15 /* HeroTypes.swift in Sources */,
				E2EA375A1E55D5AB000E277E /* SPAnimationSpring.swift in Sources */,
				E25564151E8815C100222E15 /* Parser.swift in Sources */,
				E2EA375B1E55D5AB000E277E /* SPAnimationUpward.swift in Sources */,
				E2727D3F1E43D80800521B23 /* AppDelegate.swift in Sources */,
				E269C6A61E8920B90056A4DD /* VoiceRecordHUD.swift in Sources */,
				E25564191E8815C100222E15 /* DurationPreprocessor.swift in Sources */,
				E2EA37631E55D5AB000E277E /* SPInternetConnection.swift in Sources */,
				E2EA375F1E55D5AB000E277E /* SPDelay.swift in Sources */,
				8B84869B1EBC690200B22B90 /* DropDownMenuCell.swift in Sources */,
				E2EA376D1E55D5AB000E277E /* SPLinesCircleButtonsView.swift in Sources */,
				E255640E1E8815C100222E15 /* HeroPlugin.swift in Sources */,
				E2EA37731E55D5AB000E277E /* SPCollectionViewCell.swift in Sources */,
				E255641B1E8815C100222E15 /* MatchPreprocessor.swift in Sources */,
				E255640D1E8815C100222E15 /* HeroModifier.swift in Sources */,
				E25563FB1E8815C100222E15 /* HeroDefaultAnimator.swift in Sources */,
				E25564061E8815C100222E15 /* UIView+Hero.swift in Sources */,
				E2EA37671E55D5AB000E277E /* SPRandom.swift in Sources */,
				E240AE311E770DF40077BD9F /* CommentsViewController.swift in Sources */,
				E255641A1E8815C100222E15 /* IgnoreSubviewModifiersPreprocessor.swift in Sources */,
				E2EA37711E55D5AB000E277E /* SPSegmentControlStyleProtocol.swift in Sources */,
				E2EA37621E55D5AB000E277E /* SPUIImageExtenshion.swift in Sources */,
				8B84869D1EBC690200B22B90 /* gifFramework.swift in Sources */,
				E2EA375D1E55D5AB000E277E /* SPUIColorExtenshion.swift in Sources */,
				E25563FC1E8815C100222E15 /* HeroViewPropertyViewContext.swift in Sources */,
				E25564141E8815C100222E15 /* Nodes.swift in Sources */,
				E255640F1E8815C100222E15 /* HeroStringConvertible.swift in Sources */,
				E2EA37151E55CB94000E277E /* SignUpController.swift in Sources */,
				E20406A31EA6B36400206195 /* MyTabBarViewController.swift in Sources */,
				E25563FA1E8815C100222E15 /* HeroCoreAnimationViewContext.swift in Sources */,
				8B8486971EBC690200B22B90 /* LyriXPlus.xcdatamodel in Sources */,
				8B8486961EBC690200B22B90 /* SongCell.swift in Sources */,
				E2C6D2E91E6F61DC0060031D /* SharesViewController.swift in Sources */,
				E2EA376B1E55D5AB000E277E /* SPParalaxTableViewController.swift in Sources */,
				8B84868D1EBC690200B22B90 /* SearchArtistController.swift in Sources */,
				E25564021E8815C100222E15 /* CAMediaTimingFunction+Hero.swift in Sources */,
				8B8486921EBC690200B22B90 /* SongController.swift in Sources */,
				E2EA37651E55D5AB000E277E /* SPLaunchAnimationSlideExtenshion.swift in Sources */,
				E25564081E8815C100222E15 /* Hero.swift in Sources */,
				8B8486931EBC690200B22B90 /* PreviewPlayer.swift in Sources */,
				E2D1B5121EC0E8AB00E279B5 /* AboutUsViewController.swift in Sources */,
				E2EA37591E55D5AB000E277E /* SPAnimation.swift in Sources */,
				8B84868E1EBC690200B22B90 /* SearchMusicController.swift in Sources */,
				E269C6A51E8920B90056A4DD /* Recording.swift in Sources */,
				E25564181E8815C100222E15 /* CascadePreprocessor.swift in Sources */,
				E2EA37791E55D5AB000E277E /* SPUILabelExtenshion.swift in Sources */,
				8B8486881EBC690200B22B90 /* City.swift in Sources */,
				8B8486871EBC690200B22B90 /* DetailAlbum.swift in Sources */,
				E2EA37751E55D5AB000E277E /* SPPageItemsScalingCollectionLayout.swift in Sources */,
				8B8486941EBC690200B22B90 /* SelectCountryController.swift in Sources */,
				E25564001E8815C100222E15 /* Array+HeroModifier.swift in Sources */,
				8B8486901EBC690200B22B90 /* TopMusicController.swift in Sources */,
				E2EA37721E55D5AB000E277E /* SPSegmentedControl.swift in Sources */,
				E2EA37741E55D5AB000E277E /* SPPageItemsScalingCollectionView.swift in Sources */,
				E2C042B41E7570FF00A67A16 /* DetailsViewController.swift in Sources */,
				E25564171E8815C100222E15 /* BasePreprocessor.swift in Sources */,
				8B84868A1EBC690200B22B90 /* CityGuideCell.swift in Sources */,
				E25564041E8815C100222E15 /* DispatchQueue+Hero.swift in Sources */,
				E25563FE1E8815C100222E15 /* HeroDebugView.swift in Sources */,
				E2EA37771E55D5AB000E277E /* SPBlurView.swift in Sources */,
				E2EA37601E55D5AB000E277E /* SPUIDeviceExtenshion.swift in Sources */,
				E255640A1E8815C100222E15 /* HeroContext.swift in Sources */,
				E25564011E8815C100222E15 /* CALayer+Hero.swift in Sources */,
				E25564161E8815C100222E15 /* Regex.swift in Sources */,
			);
			runOnlyForDeploymentPostprocessing = 0;
		};
		E294F8281EA5522C004C1B81 /* Sources */ = {
			isa = PBXSourcesBuildPhase;
			buildActionMask = 2147483647;
			files = (
				E294F8311EA5522C004C1B81 /* TodayViewController.swift in Sources */,
			);
			runOnlyForDeploymentPostprocessing = 0;
		};
/* End PBXSourcesBuildPhase section */

/* Begin PBXTargetDependency section */
		E294F8371EA5522C004C1B81 /* PBXTargetDependency */ = {
			isa = PBXTargetDependency;
			target = E294F82B1EA5522C004C1B81 /* Lyrix_Plus */;
			targetProxy = E294F8361EA5522C004C1B81 /* PBXContainerItemProxy */;
		};
/* End PBXTargetDependency section */

/* Begin PBXVariantGroup section */
		E2727D421E43D80800521B23 /* Main.storyboard */ = {
			isa = PBXVariantGroup;
			children = (
				E2727D431E43D80800521B23 /* Base */,
			);
			name = Main.storyboard;
			sourceTree = "<group>";
		};
		E2727D471E43D80800521B23 /* LaunchScreen.storyboard */ = {
			isa = PBXVariantGroup;
			children = (
				E2727D481E43D80800521B23 /* Base */,
			);
			name = LaunchScreen.storyboard;
			sourceTree = "<group>";
		};
		E294F8321EA5522C004C1B81 /* MainInterface.storyboard */ = {
			isa = PBXVariantGroup;
			children = (
				E294F8331EA5522C004C1B81 /* Base */,
			);
			name = MainInterface.storyboard;
			sourceTree = "<group>";
		};
/* End PBXVariantGroup section */

/* Begin XCBuildConfiguration section */
		E2727D4B1E43D80800521B23 /* Debug */ = {
			isa = XCBuildConfiguration;
			buildSettings = {
				ALWAYS_SEARCH_USER_PATHS = NO;
				CLANG_ANALYZER_NONNULL = YES;
				CLANG_CXX_LANGUAGE_STANDARD = "gnu++0x";
				CLANG_CXX_LIBRARY = "libc++";
				CLANG_ENABLE_MODULES = YES;
				CLANG_ENABLE_OBJC_ARC = YES;
				CLANG_WARN_BOOL_CONVERSION = YES;
				CLANG_WARN_CONSTANT_CONVERSION = YES;
				CLANG_WARN_DIRECT_OBJC_ISA_USAGE = YES_ERROR;
				CLANG_WARN_DOCUMENTATION_COMMENTS = YES;
				CLANG_WARN_EMPTY_BODY = YES;
				CLANG_WARN_ENUM_CONVERSION = YES;
				CLANG_WARN_INFINITE_RECURSION = YES;
				CLANG_WARN_INT_CONVERSION = YES;
				CLANG_WARN_OBJC_ROOT_CLASS = YES_ERROR;
				CLANG_WARN_SUSPICIOUS_MOVE = YES;
				CLANG_WARN_UNREACHABLE_CODE = YES;
				CLANG_WARN__DUPLICATE_METHOD_MATCH = YES;
				"CODE_SIGN_IDENTITY[sdk=iphoneos*]" = "iPhone Developer";
				COPY_PHASE_STRIP = NO;
				DEBUG_INFORMATION_FORMAT = dwarf;
				ENABLE_STRICT_OBJC_MSGSEND = YES;
				ENABLE_TESTABILITY = YES;
				GCC_C_LANGUAGE_STANDARD = gnu99;
				GCC_DYNAMIC_NO_PIC = NO;
				GCC_NO_COMMON_BLOCKS = YES;
				GCC_OPTIMIZATION_LEVEL = 0;
				GCC_PREPROCESSOR_DEFINITIONS = (
					"DEBUG=1",
					"$(inherited)",
				);
				GCC_WARN_64_TO_32_BIT_CONVERSION = YES;
				GCC_WARN_ABOUT_RETURN_TYPE = YES_ERROR;
				GCC_WARN_UNDECLARED_SELECTOR = YES;
				GCC_WARN_UNINITIALIZED_AUTOS = YES_AGGRESSIVE;
				GCC_WARN_UNUSED_FUNCTION = YES;
				GCC_WARN_UNUSED_VARIABLE = YES;
				IPHONEOS_DEPLOYMENT_TARGET = 10.2;
				MTL_ENABLE_DEBUG_INFO = YES;
				ONLY_ACTIVE_ARCH = YES;
				SDKROOT = iphoneos;
				SWIFT_ACTIVE_COMPILATION_CONDITIONS = DEBUG;
				SWIFT_OPTIMIZATION_LEVEL = "-Onone";
			};
			name = Debug;
		};
		E2727D4C1E43D80800521B23 /* Release */ = {
			isa = XCBuildConfiguration;
			buildSettings = {
				ALWAYS_SEARCH_USER_PATHS = NO;
				CLANG_ANALYZER_NONNULL = YES;
				CLANG_CXX_LANGUAGE_STANDARD = "gnu++0x";
				CLANG_CXX_LIBRARY = "libc++";
				CLANG_ENABLE_MODULES = YES;
				CLANG_ENABLE_OBJC_ARC = YES;
				CLANG_WARN_BOOL_CONVERSION = YES;
				CLANG_WARN_CONSTANT_CONVERSION = YES;
				CLANG_WARN_DIRECT_OBJC_ISA_USAGE = YES_ERROR;
				CLANG_WARN_DOCUMENTATION_COMMENTS = YES;
				CLANG_WARN_EMPTY_BODY = YES;
				CLANG_WARN_ENUM_CONVERSION = YES;
				CLANG_WARN_INFINITE_RECURSION = YES;
				CLANG_WARN_INT_CONVERSION = YES;
				CLANG_WARN_OBJC_ROOT_CLASS = YES_ERROR;
				CLANG_WARN_SUSPICIOUS_MOVE = YES;
				CLANG_WARN_UNREACHABLE_CODE = YES;
				CLANG_WARN__DUPLICATE_METHOD_MATCH = YES;
				"CODE_SIGN_IDENTITY[sdk=iphoneos*]" = "iPhone Developer";
				COPY_PHASE_STRIP = NO;
				DEBUG_INFORMATION_FORMAT = "dwarf-with-dsym";
				ENABLE_NS_ASSERTIONS = NO;
				ENABLE_STRICT_OBJC_MSGSEND = YES;
				GCC_C_LANGUAGE_STANDARD = gnu99;
				GCC_NO_COMMON_BLOCKS = YES;
				GCC_WARN_64_TO_32_BIT_CONVERSION = YES;
				GCC_WARN_ABOUT_RETURN_TYPE = YES_ERROR;
				GCC_WARN_UNDECLARED_SELECTOR = YES;
				GCC_WARN_UNINITIALIZED_AUTOS = YES_AGGRESSIVE;
				GCC_WARN_UNUSED_FUNCTION = YES;
				GCC_WARN_UNUSED_VARIABLE = YES;
				IPHONEOS_DEPLOYMENT_TARGET = 10.2;
				MTL_ENABLE_DEBUG_INFO = NO;
				SDKROOT = iphoneos;
				SWIFT_OPTIMIZATION_LEVEL = "-Owholemodule";
				VALIDATE_PRODUCT = YES;
			};
			name = Release;
		};
		E2727D4E1E43D80800521B23 /* Debug */ = {
			isa = XCBuildConfiguration;
			baseConfigurationReference = 2DE5D0DB2E31C5F24D1ABE7A /* Pods-Lyrix Plus.debug.xcconfig */;
			buildSettings = {
				ALWAYS_EMBED_SWIFT_STANDARD_LIBRARIES = YES;
				ASSETCATALOG_COMPILER_APPICON_NAME = AppIcon;
				CODE_SIGN_ENTITLEMENTS = "Lyrix Plus/Lyrix Plus.entitlements";
				DEVELOPMENT_TEAM = G96V29LG5G;
				FRAMEWORK_SEARCH_PATHS = (
					"$(inherited)",
					"$(PROJECT_DIR)",
					"$(PROJECT_DIR)/Pods",
				);
				INFOPLIST_FILE = "Lyrix Plus/Info.plist";
				LD_RUNPATH_SEARCH_PATHS = "$(inherited) @executable_path/Frameworks";
				PRODUCT_BUNDLE_IDENTIFIER = "com.esprit.Lyrix-Plus";
				PRODUCT_NAME = "$(TARGET_NAME)";
				SWIFT_VERSION = 3.0;
				TARGETED_DEVICE_FAMILY = 1;
			};
			name = Debug;
		};
		E2727D4F1E43D80800521B23 /* Release */ = {
			isa = XCBuildConfiguration;
			baseConfigurationReference = 0127063134E1941AB8827CBD /* Pods-Lyrix Plus.release.xcconfig */;
			buildSettings = {
				ALWAYS_EMBED_SWIFT_STANDARD_LIBRARIES = YES;
				ASSETCATALOG_COMPILER_APPICON_NAME = AppIcon;
				CODE_SIGN_ENTITLEMENTS = "Lyrix Plus/Lyrix Plus.entitlements";
				DEVELOPMENT_TEAM = G96V29LG5G;
				FRAMEWORK_SEARCH_PATHS = (
					"$(inherited)",
					"$(PROJECT_DIR)",
					"$(PROJECT_DIR)/Pods",
				);
				INFOPLIST_FILE = "Lyrix Plus/Info.plist";
				LD_RUNPATH_SEARCH_PATHS = "$(inherited) @executable_path/Frameworks";
				PRODUCT_BUNDLE_IDENTIFIER = "com.esprit.Lyrix-Plus";
				PRODUCT_NAME = "$(TARGET_NAME)";
				SWIFT_VERSION = 3.0;
				TARGETED_DEVICE_FAMILY = 1;
			};
			name = Release;
		};
		E294F8391EA5522C004C1B81 /* Debug */ = {
			isa = XCBuildConfiguration;
			buildSettings = {
				CLANG_ANALYZER_NUMBER_OBJECT_CONVERSION = YES_AGGRESSIVE;
				CODE_SIGN_ENTITLEMENTS = Lyrix_Plus/Lyrix_Plus.entitlements;
				DEVELOPMENT_TEAM = G96V29LG5G;
				INFOPLIST_FILE = Lyrix_Plus/Info.plist;
				IPHONEOS_DEPLOYMENT_TARGET = 10.3;
				LD_RUNPATH_SEARCH_PATHS = "$(inherited) @executable_path/Frameworks @executable_path/../../Frameworks";
				PRODUCT_BUNDLE_IDENTIFIER = "com.esprit.Lyrix-Plus.Lyrix-Plus";
				PRODUCT_NAME = "$(TARGET_NAME)";
				SKIP_INSTALL = YES;
				SWIFT_VERSION = 3.0;
			};
			name = Debug;
		};
		E294F83A1EA5522C004C1B81 /* Release */ = {
			isa = XCBuildConfiguration;
			buildSettings = {
				CLANG_ANALYZER_NUMBER_OBJECT_CONVERSION = YES_AGGRESSIVE;
				CODE_SIGN_ENTITLEMENTS = Lyrix_Plus/Lyrix_Plus.entitlements;
				DEVELOPMENT_TEAM = G96V29LG5G;
				INFOPLIST_FILE = Lyrix_Plus/Info.plist;
				IPHONEOS_DEPLOYMENT_TARGET = 10.3;
				LD_RUNPATH_SEARCH_PATHS = "$(inherited) @executable_path/Frameworks @executable_path/../../Frameworks";
				PRODUCT_BUNDLE_IDENTIFIER = "com.esprit.Lyrix-Plus.Lyrix-Plus";
				PRODUCT_NAME = "$(TARGET_NAME)";
				SKIP_INSTALL = YES;
				SWIFT_VERSION = 3.0;
			};
			name = Release;
		};
/* End XCBuildConfiguration section */

/* Begin XCConfigurationList section */
		E2727D361E43D80800521B23 /* Build configuration list for PBXProject "Lyrix Plus" */ = {
			isa = XCConfigurationList;
			buildConfigurations = (
				E2727D4B1E43D80800521B23 /* Debug */,
				E2727D4C1E43D80800521B23 /* Release */,
			);
			defaultConfigurationIsVisible = 0;
			defaultConfigurationName = Release;
		};
		E2727D4D1E43D80800521B23 /* Build configuration list for PBXNativeTarget "Lyrix Plus" */ = {
			isa = XCConfigurationList;
			buildConfigurations = (
				E2727D4E1E43D80800521B23 /* Debug */,
				E2727D4F1E43D80800521B23 /* Release */,
			);
			defaultConfigurationIsVisible = 0;
			defaultConfigurationName = Release;
		};
		E294F83B1EA5522C004C1B81 /* Build configuration list for PBXNativeTarget "Lyrix_Plus" */ = {
			isa = XCConfigurationList;
			buildConfigurations = (
				E294F8391EA5522C004C1B81 /* Debug */,
				E294F83A1EA5522C004C1B81 /* Release */,
			);
			defaultConfigurationIsVisible = 0;
			defaultConfigurationName = Release;
		};
/* End XCConfigurationList section */
	};
	rootObject = E2727D331E43D80800521B23 /* Project object */;
}
